// !$*UTF8*$!
{
	archiveVersion = 1;
	classes = {
	};
	objectVersion = 46;
	objects = {

/* Begin PBXBuildFile section */
		D43413BF140D466B00BB0C4F /* LIOConnectViewController.h in Headers */ = {isa = PBXBuildFile; fileRef = D43413BD140D466B00BB0C4F /* LIOConnectViewController.h */; };
		D43413C0140D466B00BB0C4F /* LIOConnectViewController.m in Sources */ = {isa = PBXBuildFile; fileRef = D43413BE140D466B00BB0C4F /* LIOConnectViewController.m */; };
		D48ABEE81404607500835205 /* Foundation.framework in Frameworks */ = {isa = PBXBuildFile; fileRef = D48ABEE71404607500835205 /* Foundation.framework */; };
		D48ABEF41404644B00835205 /* UIKit.framework in Frameworks */ = {isa = PBXBuildFile; fileRef = D48ABEF31404644B00835205 /* UIKit.framework */; };
		D48ABF0A1404647300835205 /* GCDAsyncSocket.h in Headers */ = {isa = PBXBuildFile; fileRef = D48ABEF71404647300835205 /* GCDAsyncSocket.h */; };
		D48ABF0B1404647300835205 /* GCDAsyncSocket.m in Sources */ = {isa = PBXBuildFile; fileRef = D48ABEF81404647300835205 /* GCDAsyncSocket.m */; };
		D48ABF0C1404647300835205 /* NSData+Base64.h in Headers */ = {isa = PBXBuildFile; fileRef = D48ABEFA1404647300835205 /* NSData+Base64.h */; };
		D48ABF0D1404647300835205 /* NSData+Base64.m in Sources */ = {isa = PBXBuildFile; fileRef = D48ABEFB1404647300835205 /* NSData+Base64.m */; };
		D48ABF0E1404647300835205 /* JSON.h in Headers */ = {isa = PBXBuildFile; fileRef = D48ABEFD1404647300835205 /* JSON.h */; };
		D48ABF0F1404647300835205 /* NSObject+SBJSON.h in Headers */ = {isa = PBXBuildFile; fileRef = D48ABEFE1404647300835205 /* NSObject+SBJSON.h */; };
		D48ABF101404647300835205 /* NSObject+SBJSON.m in Sources */ = {isa = PBXBuildFile; fileRef = D48ABEFF1404647300835205 /* NSObject+SBJSON.m */; };
		D48ABF111404647300835205 /* NSString+SBJSON.h in Headers */ = {isa = PBXBuildFile; fileRef = D48ABF001404647300835205 /* NSString+SBJSON.h */; };
		D48ABF121404647300835205 /* NSString+SBJSON.m in Sources */ = {isa = PBXBuildFile; fileRef = D48ABF011404647300835205 /* NSString+SBJSON.m */; };
		D48ABF131404647300835205 /* SBJSON.h in Headers */ = {isa = PBXBuildFile; fileRef = D48ABF021404647300835205 /* SBJSON.h */; };
		D48ABF141404647300835205 /* SBJSON.m in Sources */ = {isa = PBXBuildFile; fileRef = D48ABF031404647300835205 /* SBJSON.m */; };
		D48ABF151404647300835205 /* SBJsonBase.h in Headers */ = {isa = PBXBuildFile; fileRef = D48ABF041404647300835205 /* SBJsonBase.h */; };
		D48ABF161404647300835205 /* SBJsonBase.m in Sources */ = {isa = PBXBuildFile; fileRef = D48ABF051404647300835205 /* SBJsonBase.m */; };
		D48ABF171404647300835205 /* SBJsonParser.h in Headers */ = {isa = PBXBuildFile; fileRef = D48ABF061404647300835205 /* SBJsonParser.h */; };
		D48ABF181404647300835205 /* SBJsonParser.m in Sources */ = {isa = PBXBuildFile; fileRef = D48ABF071404647300835205 /* SBJsonParser.m */; };
		D48ABF191404647300835205 /* SBJsonWriter.h in Headers */ = {isa = PBXBuildFile; fileRef = D48ABF081404647300835205 /* SBJsonWriter.h */; };
		D48ABF1A1404647300835205 /* SBJsonWriter.m in Sources */ = {isa = PBXBuildFile; fileRef = D48ABF091404647300835205 /* SBJsonWriter.m */; };
		D48ABF3214046E6B00835205 /* LIOChatboxView.h in Headers */ = {isa = PBXBuildFile; fileRef = D48ABF2E14046E6B00835205 /* LIOChatboxView.h */; };
		D48ABF3314046E6B00835205 /* LIOChatboxView.m in Sources */ = {isa = PBXBuildFile; fileRef = D48ABF2F14046E6B00835205 /* LIOChatboxView.m */; };
		D48ABF3414046E6B00835205 /* LIOLookIOManager.h in Headers */ = {isa = PBXBuildFile; fileRef = D48ABF3014046E6B00835205 /* LIOLookIOManager.h */; };
		D48ABF3514046E6B00835205 /* LIOLookIOManager.m in Sources */ = {isa = PBXBuildFile; fileRef = D48ABF3114046E6B00835205 /* LIOLookIOManager.m */; };
		D4B41D3B140969C400B73C84 /* LIOChatViewController.h in Headers */ = {isa = PBXBuildFile; fileRef = D4B41D39140969C400B73C84 /* LIOChatViewController.h */; };
		D4B41D3C140969C400B73C84 /* LIOChatViewController.m in Sources */ = {isa = PBXBuildFile; fileRef = D4B41D3A140969C400B73C84 /* LIOChatViewController.m */; };
		D4B41D52140ABD2C00B73C84 /* AudioToolbox.framework in Frameworks */ = {isa = PBXBuildFile; fileRef = D4B41D51140ABD2C00B73C84 /* AudioToolbox.framework */; };
/* End PBXBuildFile section */

/* Begin PBXFileReference section */
		D43413BD140D466B00BB0C4F /* LIOConnectViewController.h */ = {isa = PBXFileReference; fileEncoding = 4; lastKnownFileType = sourcecode.c.h; name = LIOConnectViewController.h; path = LookIO/Source/LIOConnectViewController.h; sourceTree = "<group>"; };
		D43413BE140D466B00BB0C4F /* LIOConnectViewController.m */ = {isa = PBXFileReference; fileEncoding = 4; lastKnownFileType = sourcecode.c.objc; name = LIOConnectViewController.m; path = LookIO/Source/LIOConnectViewController.m; sourceTree = "<group>"; };
		D48ABEE41404607500835205 /* libLookIO.a */ = {isa = PBXFileReference; explicitFileType = archive.ar; includeInIndex = 0; path = libLookIO.a; sourceTree = BUILT_PRODUCTS_DIR; };
		D48ABEE71404607500835205 /* Foundation.framework */ = {isa = PBXFileReference; lastKnownFileType = wrapper.framework; name = Foundation.framework; path = System/Library/Frameworks/Foundation.framework; sourceTree = SDKROOT; };
		D48ABEF31404644B00835205 /* UIKit.framework */ = {isa = PBXFileReference; lastKnownFileType = wrapper.framework; name = UIKit.framework; path = Platforms/iPhoneOS.platform/Developer/SDKs/iPhoneOS4.3.sdk/System/Library/Frameworks/UIKit.framework; sourceTree = DEVELOPER_DIR; };
		D48ABEF71404647300835205 /* GCDAsyncSocket.h */ = {isa = PBXFileReference; fileEncoding = 4; lastKnownFileType = sourcecode.c.h; path = GCDAsyncSocket.h; sourceTree = "<group>"; };
		D48ABEF81404647300835205 /* GCDAsyncSocket.m */ = {isa = PBXFileReference; fileEncoding = 4; lastKnownFileType = sourcecode.c.objc; path = GCDAsyncSocket.m; sourceTree = "<group>"; };
		D48ABEFA1404647300835205 /* NSData+Base64.h */ = {isa = PBXFileReference; fileEncoding = 4; lastKnownFileType = sourcecode.c.h; path = "NSData+Base64.h"; sourceTree = "<group>"; };
		D48ABEFB1404647300835205 /* NSData+Base64.m */ = {isa = PBXFileReference; fileEncoding = 4; lastKnownFileType = sourcecode.c.objc; path = "NSData+Base64.m"; sourceTree = "<group>"; };
		D48ABEFD1404647300835205 /* JSON.h */ = {isa = PBXFileReference; fileEncoding = 4; lastKnownFileType = sourcecode.c.h; path = JSON.h; sourceTree = "<group>"; };
		D48ABEFE1404647300835205 /* NSObject+SBJSON.h */ = {isa = PBXFileReference; fileEncoding = 4; lastKnownFileType = sourcecode.c.h; path = "NSObject+SBJSON.h"; sourceTree = "<group>"; };
		D48ABEFF1404647300835205 /* NSObject+SBJSON.m */ = {isa = PBXFileReference; fileEncoding = 4; lastKnownFileType = sourcecode.c.objc; path = "NSObject+SBJSON.m"; sourceTree = "<group>"; };
		D48ABF001404647300835205 /* NSString+SBJSON.h */ = {isa = PBXFileReference; fileEncoding = 4; lastKnownFileType = sourcecode.c.h; path = "NSString+SBJSON.h"; sourceTree = "<group>"; };
		D48ABF011404647300835205 /* NSString+SBJSON.m */ = {isa = PBXFileReference; fileEncoding = 4; lastKnownFileType = sourcecode.c.objc; path = "NSString+SBJSON.m"; sourceTree = "<group>"; };
		D48ABF021404647300835205 /* SBJSON.h */ = {isa = PBXFileReference; fileEncoding = 4; lastKnownFileType = sourcecode.c.h; path = SBJSON.h; sourceTree = "<group>"; };
		D48ABF031404647300835205 /* SBJSON.m */ = {isa = PBXFileReference; fileEncoding = 4; lastKnownFileType = sourcecode.c.objc; path = SBJSON.m; sourceTree = "<group>"; };
		D48ABF041404647300835205 /* SBJsonBase.h */ = {isa = PBXFileReference; fileEncoding = 4; lastKnownFileType = sourcecode.c.h; path = SBJsonBase.h; sourceTree = "<group>"; };
		D48ABF051404647300835205 /* SBJsonBase.m */ = {isa = PBXFileReference; fileEncoding = 4; lastKnownFileType = sourcecode.c.objc; path = SBJsonBase.m; sourceTree = "<group>"; };
		D48ABF061404647300835205 /* SBJsonParser.h */ = {isa = PBXFileReference; fileEncoding = 4; lastKnownFileType = sourcecode.c.h; path = SBJsonParser.h; sourceTree = "<group>"; };
		D48ABF071404647300835205 /* SBJsonParser.m */ = {isa = PBXFileReference; fileEncoding = 4; lastKnownFileType = sourcecode.c.objc; path = SBJsonParser.m; sourceTree = "<group>"; };
		D48ABF081404647300835205 /* SBJsonWriter.h */ = {isa = PBXFileReference; fileEncoding = 4; lastKnownFileType = sourcecode.c.h; path = SBJsonWriter.h; sourceTree = "<group>"; };
		D48ABF091404647300835205 /* SBJsonWriter.m */ = {isa = PBXFileReference; fileEncoding = 4; lastKnownFileType = sourcecode.c.objc; path = SBJsonWriter.m; sourceTree = "<group>"; };
		D48ABF2E14046E6B00835205 /* LIOChatboxView.h */ = {isa = PBXFileReference; fileEncoding = 4; lastKnownFileType = sourcecode.c.h; name = LIOChatboxView.h; path = LookIO/Source/LIOChatboxView.h; sourceTree = "<group>"; };
		D48ABF2F14046E6B00835205 /* LIOChatboxView.m */ = {isa = PBXFileReference; fileEncoding = 4; lastKnownFileType = sourcecode.c.objc; name = LIOChatboxView.m; path = LookIO/Source/LIOChatboxView.m; sourceTree = "<group>"; };
		D48ABF3014046E6B00835205 /* LIOLookIOManager.h */ = {isa = PBXFileReference; fileEncoding = 4; lastKnownFileType = sourcecode.c.h; name = LIOLookIOManager.h; path = LookIO/Source/LIOLookIOManager.h; sourceTree = "<group>"; };
		D48ABF3114046E6B00835205 /* LIOLookIOManager.m */ = {isa = PBXFileReference; fileEncoding = 4; lastKnownFileType = sourcecode.c.objc; name = LIOLookIOManager.m; path = LookIO/Source/LIOLookIOManager.m; sourceTree = "<group>"; };
		D4B41D39140969C400B73C84 /* LIOChatViewController.h */ = {isa = PBXFileReference; fileEncoding = 4; lastKnownFileType = sourcecode.c.h; name = LIOChatViewController.h; path = LookIO/Source/LIOChatViewController.h; sourceTree = "<group>"; };
		D4B41D3A140969C400B73C84 /* LIOChatViewController.m */ = {isa = PBXFileReference; fileEncoding = 4; lastKnownFileType = sourcecode.c.objc; name = LIOChatViewController.m; path = LookIO/Source/LIOChatViewController.m; sourceTree = "<group>"; };
		D4B41D51140ABD2C00B73C84 /* AudioToolbox.framework */ = {isa = PBXFileReference; lastKnownFileType = wrapper.framework; name = AudioToolbox.framework; path = Platforms/iPhoneOS.platform/Developer/SDKs/iPhoneOS4.3.sdk/System/Library/Frameworks/AudioToolbox.framework; sourceTree = DEVELOPER_DIR; };
/* End PBXFileReference section */

/* Begin PBXFrameworksBuildPhase section */
		D48ABEE11404607500835205 /* Frameworks */ = {
			isa = PBXFrameworksBuildPhase;
			buildActionMask = 2147483647;
			files = (
				D4B41D52140ABD2C00B73C84 /* AudioToolbox.framework in Frameworks */,
				D48ABEF41404644B00835205 /* UIKit.framework in Frameworks */,
				D48ABEE81404607500835205 /* Foundation.framework in Frameworks */,
			);
			runOnlyForDeploymentPostprocessing = 0;
		};
/* End PBXFrameworksBuildPhase section */

/* Begin PBXGroup section */
		D48ABEE51404607500835205 /* Products */ = {
			isa = PBXGroup;
			children = (
				D48ABEE41404607500835205 /* libLookIO.a */,
			);
			name = Products;
			sourceTree = "<group>";
		};
		D48ABEE61404607500835205 /* Frameworks */ = {
			isa = PBXGroup;
			children = (
				D4B41D51140ABD2C00B73C84 /* AudioToolbox.framework */,
				D48ABEF31404644B00835205 /* UIKit.framework */,
				D48ABEE71404607500835205 /* Foundation.framework */,
			);
			name = Frameworks;
			sourceTree = "<group>";
		};
		D48ABEF51404647300835205 /* 3rd Party */ = {
			isa = PBXGroup;
			children = (
				D48ABEF61404647300835205 /* CocoaAsyncSocket */,
				D48ABEF91404647300835205 /* NSData+Base64 */,
				D48ABEFC1404647300835205 /* SBJSON */,
			);
			name = "3rd Party";
			path = "LookIO/3rd Party";
			sourceTree = "<group>";
		};
		D48ABEF61404647300835205 /* CocoaAsyncSocket */ = {
			isa = PBXGroup;
			children = (
				D48ABEF71404647300835205 /* GCDAsyncSocket.h */,
				D48ABEF81404647300835205 /* GCDAsyncSocket.m */,
			);
			path = CocoaAsyncSocket;
			sourceTree = "<group>";
		};
		D48ABEF91404647300835205 /* NSData+Base64 */ = {
			isa = PBXGroup;
			children = (
				D48ABEFA1404647300835205 /* NSData+Base64.h */,
				D48ABEFB1404647300835205 /* NSData+Base64.m */,
			);
			path = "NSData+Base64";
			sourceTree = "<group>";
		};
		D48ABEFC1404647300835205 /* SBJSON */ = {
			isa = PBXGroup;
			children = (
				D48ABEFD1404647300835205 /* JSON.h */,
				D48ABEFE1404647300835205 /* NSObject+SBJSON.h */,
				D48ABEFF1404647300835205 /* NSObject+SBJSON.m */,
				D48ABF001404647300835205 /* NSString+SBJSON.h */,
				D48ABF011404647300835205 /* NSString+SBJSON.m */,
				D48ABF021404647300835205 /* SBJSON.h */,
				D48ABF031404647300835205 /* SBJSON.m */,
				D48ABF041404647300835205 /* SBJsonBase.h */,
				D48ABF051404647300835205 /* SBJsonBase.m */,
				D48ABF061404647300835205 /* SBJsonParser.h */,
				D48ABF071404647300835205 /* SBJsonParser.m */,
				D48ABF081404647300835205 /* SBJsonWriter.h */,
				D48ABF091404647300835205 /* SBJsonWriter.m */,
			);
			path = SBJSON;
			sourceTree = "<group>";
		};
		D48ABF2D14046E4B00835205 /* Source */ = {
			isa = PBXGroup;
			children = (
				D48ABF2E14046E6B00835205 /* LIOChatboxView.h */,
				D48ABF2F14046E6B00835205 /* LIOChatboxView.m */,
				D48ABF3014046E6B00835205 /* LIOLookIOManager.h */,
				D48ABF3114046E6B00835205 /* LIOLookIOManager.m */,
				D4B41D39140969C400B73C84 /* LIOChatViewController.h */,
				D4B41D3A140969C400B73C84 /* LIOChatViewController.m */,
				D43413BD140D466B00BB0C4F /* LIOConnectViewController.h */,
				D43413BE140D466B00BB0C4F /* LIOConnectViewController.m */,
			);
			name = Source;
			sourceTree = "<group>";
		};
		D4AF999C1404264900613B8E = {
			isa = PBXGroup;
			children = (
				D48ABF2D14046E4B00835205 /* Source */,
				D48ABEF51404647300835205 /* 3rd Party */,
				D48ABEE61404607500835205 /* Frameworks */,
				D48ABEE51404607500835205 /* Products */,
			);
			sourceTree = "<group>";
		};
/* End PBXGroup section */

/* Begin PBXHeadersBuildPhase section */
		D48ABEE21404607500835205 /* Headers */ = {
			isa = PBXHeadersBuildPhase;
			buildActionMask = 2147483647;
			files = (
				D48ABF0A1404647300835205 /* GCDAsyncSocket.h in Headers */,
				D48ABF0C1404647300835205 /* NSData+Base64.h in Headers */,
				D48ABF0E1404647300835205 /* JSON.h in Headers */,
				D48ABF0F1404647300835205 /* NSObject+SBJSON.h in Headers */,
				D48ABF111404647300835205 /* NSString+SBJSON.h in Headers */,
				D48ABF131404647300835205 /* SBJSON.h in Headers */,
				D48ABF151404647300835205 /* SBJsonBase.h in Headers */,
				D48ABF171404647300835205 /* SBJsonParser.h in Headers */,
				D48ABF191404647300835205 /* SBJsonWriter.h in Headers */,
				D48ABF3214046E6B00835205 /* LIOChatboxView.h in Headers */,
				D48ABF3414046E6B00835205 /* LIOLookIOManager.h in Headers */,
				D4B41D3B140969C400B73C84 /* LIOChatViewController.h in Headers */,
				D43413BF140D466B00BB0C4F /* LIOConnectViewController.h in Headers */,
			);
			runOnlyForDeploymentPostprocessing = 0;
		};
/* End PBXHeadersBuildPhase section */

/* Begin PBXNativeTarget section */
		D48ABEE31404607500835205 /* LookIO */ = {
			isa = PBXNativeTarget;
			buildConfigurationList = D48ABEF11404607500835205 /* Build configuration list for PBXNativeTarget "LookIO" */;
			buildPhases = (
				D48ABEE01404607500835205 /* Sources */,
				D48ABEE11404607500835205 /* Frameworks */,
				D48ABEE21404607500835205 /* Headers */,
			);
			buildRules = (
			);
			dependencies = (
			);
			name = LookIO;
			productName = LookIO;
			productReference = D48ABEE41404607500835205 /* libLookIO.a */;
			productType = "com.apple.product-type.library.static";
		};
/* End PBXNativeTarget section */

/* Begin PBXProject section */
		D4AF999E1404264900613B8E /* Project object */ = {
			isa = PBXProject;
			attributes = {
				LastUpgradeCheck = 0410;
			};
			buildConfigurationList = D4AF99A11404264900613B8E /* Build configuration list for PBXProject "LookIO" */;
			compatibilityVersion = "Xcode 3.2";
			developmentRegion = English;
			hasScannedForEncodings = 0;
			knownRegions = (
				en,
			);
			mainGroup = D4AF999C1404264900613B8E;
			productRefGroup = D48ABEE51404607500835205 /* Products */;
			projectDirPath = "";
			projectRoot = "";
			targets = (
				D48ABEE31404607500835205 /* LookIO */,
			);
		};
/* End PBXProject section */

/* Begin PBXSourcesBuildPhase section */
		D48ABEE01404607500835205 /* Sources */ = {
			isa = PBXSourcesBuildPhase;
			buildActionMask = 2147483647;
			files = (
				D48ABF0B1404647300835205 /* GCDAsyncSocket.m in Sources */,
				D48ABF0D1404647300835205 /* NSData+Base64.m in Sources */,
				D48ABF101404647300835205 /* NSObject+SBJSON.m in Sources */,
				D48ABF121404647300835205 /* NSString+SBJSON.m in Sources */,
				D48ABF141404647300835205 /* SBJSON.m in Sources */,
				D48ABF161404647300835205 /* SBJsonBase.m in Sources */,
				D48ABF181404647300835205 /* SBJsonParser.m in Sources */,
				D48ABF1A1404647300835205 /* SBJsonWriter.m in Sources */,
				D48ABF3314046E6B00835205 /* LIOChatboxView.m in Sources */,
				D48ABF3514046E6B00835205 /* LIOLookIOManager.m in Sources */,
				D4B41D3C140969C400B73C84 /* LIOChatViewController.m in Sources */,
				D43413C0140D466B00BB0C4F /* LIOConnectViewController.m in Sources */,
			);
			runOnlyForDeploymentPostprocessing = 0;
		};
/* End PBXSourcesBuildPhase section */

/* Begin XCBuildConfiguration section */
		D48ABEEF1404607500835205 /* Debug */ = {
			isa = XCBuildConfiguration;
			buildSettings = {
				ALWAYS_SEARCH_USER_PATHS = NO;
				ARCHS = "$(ARCHS_STANDARD_32_BIT)";
				COPY_PHASE_STRIP = NO;
				DSTROOT = /tmp/LookIO.dst;
				GCC_C_LANGUAGE_STANDARD = gnu99;
				GCC_DYNAMIC_NO_PIC = NO;
				GCC_OPTIMIZATION_LEVEL = 0;
				GCC_PREPROCESSOR_DEFINITIONS = (
					"DEBUG=1",
					"$(inherited)",
				);
				GCC_SYMBOLS_PRIVATE_EXTERN = NO;
				GCC_VERSION = 4.2;
				GCC_WARN_ABOUT_MISSING_PROTOTYPES = YES;
				GCC_WARN_ABOUT_RETURN_TYPE = YES;
				GCC_WARN_UNUSED_VARIABLE = YES;
				IPHONEOS_DEPLOYMENT_TARGET = 4.0;
				OTHER_LDFLAGS = "-ObjC";
				PRODUCT_NAME = "$(TARGET_NAME)";
				SDKROOT = iphoneos;
				SKIP_INSTALL = YES;
			};
			name = Debug;
		};
		D48ABEF01404607500835205 /* Release */ = {
			isa = XCBuildConfiguration;
			buildSettings = {
				ALWAYS_SEARCH_USER_PATHS = NO;
				ARCHS = "$(ARCHS_STANDARD_32_BIT)";
				COPY_PHASE_STRIP = YES;
				DSTROOT = /tmp/LookIO.dst;
				GCC_C_LANGUAGE_STANDARD = gnu99;
				GCC_VERSION = 4.2;
				GCC_WARN_ABOUT_MISSING_PROTOTYPES = YES;
				GCC_WARN_ABOUT_RETURN_TYPE = YES;
				GCC_WARN_UNUSED_VARIABLE = YES;
				IPHONEOS_DEPLOYMENT_TARGET = 4.0;
				OTHER_LDFLAGS = "-ObjC";
				PRODUCT_NAME = "$(TARGET_NAME)";
				SDKROOT = iphoneos;
				SKIP_INSTALL = YES;
				VALIDATE_PRODUCT = YES;
			};
			name = Release;
		};
		D4AF99A31404264900613B8E /* Debug */ = {
			isa = XCBuildConfiguration;
			buildSettings = {
			};
			name = Debug;
		};
		D4AF99A41404264900613B8E /* Release */ = {
			isa = XCBuildConfiguration;
			buildSettings = {
			};
			name = Release;
		};
/* End XCBuildConfiguration section */

/* Begin XCConfigurationList section */
		D48ABEF11404607500835205 /* Build configuration list for PBXNativeTarget "LookIO" */ = {
			isa = XCConfigurationList;
			buildConfigurations = (
				D48ABEEF1404607500835205 /* Debug */,
				D48ABEF01404607500835205 /* Release */,
			);
			defaultConfigurationIsVisible = 0;
			defaultConfigurationName = Release;
		};
		D4AF99A11404264900613B8E /* Build configuration list for PBXProject "LookIO" */ = {
			isa = XCConfigurationList;
			buildConfigurations = (
				D4AF99A31404264900613B8E /* Debug */,
				D4AF99A41404264900613B8E /* Release */,
			);
			defaultConfigurationIsVisible = 0;
			defaultConfigurationName = Release;
		};
/* End XCConfigurationList section */
	};
	rootObject = D4AF999E1404264900613B8E /* Project object */;
}
