// !$*UTF8*$!
{
	archiveVersion = 1;
	classes = {
	};
	objectVersion = 46;
	objects = {

/* Begin PBXBuildFile section */
		D47F12EA13FF234E0006315F /* Foundation.framework in Frameworks */ = {isa = PBXBuildFile; fileRef = D47F12E913FF234E0006315F /* Foundation.framework */; };
		D47F130F13FF24A90006315F /* UIKit.framework in Frameworks */ = {isa = PBXBuildFile; fileRef = D47F130E13FF24A90006315F /* UIKit.framework */; };
		D4B4F47313FF89EE00A52375 /* GCDAsyncSocket.h in Headers */ = {isa = PBXBuildFile; fileRef = D4B4F47113FF89EE00A52375 /* GCDAsyncSocket.h */; };
		D4B4F47413FF89EE00A52375 /* GCDAsyncSocket.m in Sources */ = {isa = PBXBuildFile; fileRef = D4B4F47213FF89EE00A52375 /* GCDAsyncSocket.m */; };
		D4B4F47813FF8B6200A52375 /* LIOLookIOManager.h in Headers */ = {isa = PBXBuildFile; fileRef = D4B4F47613FF8B6200A52375 /* LIOLookIOManager.h */; };
		D4B4F47913FF8B6200A52375 /* LIOLookIOManager.m in Sources */ = {isa = PBXBuildFile; fileRef = D4B4F47713FF8B6200A52375 /* LIOLookIOManager.m */; };
		D4B4F47C13FF8C3B00A52375 /* LIOOverlayView.h in Headers */ = {isa = PBXBuildFile; fileRef = D4B4F47A13FF8C3B00A52375 /* LIOOverlayView.h */; };
		D4B4F47D13FF8C3B00A52375 /* LIOOverlayView.m in Sources */ = {isa = PBXBuildFile; fileRef = D4B4F47B13FF8C3B00A52375 /* LIOOverlayView.m */; };
		D4B4F48013FF8CB100A52375 /* LIOChatboxView.h in Headers */ = {isa = PBXBuildFile; fileRef = D4B4F47E13FF8CB100A52375 /* LIOChatboxView.h */; };
		D4B4F48113FF8CB100A52375 /* LIOChatboxView.m in Sources */ = {isa = PBXBuildFile; fileRef = D4B4F47F13FF8CB100A52375 /* LIOChatboxView.m */; };
		D4B4F48313FF8DB900A52375 /* CFNetwork.framework in Frameworks */ = {isa = PBXBuildFile; fileRef = D4B4F48213FF8DB900A52375 /* CFNetwork.framework */; };
		D4B4F49213FF8F5000A52375 /* JSON.h in Headers */ = {isa = PBXBuildFile; fileRef = D4B4F48513FF8F5000A52375 /* JSON.h */; };
		D4B4F49313FF8F5000A52375 /* NSObject+SBJSON.h in Headers */ = {isa = PBXBuildFile; fileRef = D4B4F48613FF8F5000A52375 /* NSObject+SBJSON.h */; };
		D4B4F49413FF8F5000A52375 /* NSObject+SBJSON.m in Sources */ = {isa = PBXBuildFile; fileRef = D4B4F48713FF8F5000A52375 /* NSObject+SBJSON.m */; };
		D4B4F49513FF8F5000A52375 /* NSString+SBJSON.h in Headers */ = {isa = PBXBuildFile; fileRef = D4B4F48813FF8F5000A52375 /* NSString+SBJSON.h */; };
		D4B4F49613FF8F5000A52375 /* NSString+SBJSON.m in Sources */ = {isa = PBXBuildFile; fileRef = D4B4F48913FF8F5000A52375 /* NSString+SBJSON.m */; };
		D4B4F49713FF8F5000A52375 /* SBJSON.h in Headers */ = {isa = PBXBuildFile; fileRef = D4B4F48A13FF8F5000A52375 /* SBJSON.h */; };
		D4B4F49813FF8F5000A52375 /* SBJSON.m in Sources */ = {isa = PBXBuildFile; fileRef = D4B4F48B13FF8F5000A52375 /* SBJSON.m */; };
		D4B4F49913FF8F5000A52375 /* SBJsonBase.h in Headers */ = {isa = PBXBuildFile; fileRef = D4B4F48C13FF8F5000A52375 /* SBJsonBase.h */; };
		D4B4F49A13FF8F5000A52375 /* SBJsonBase.m in Sources */ = {isa = PBXBuildFile; fileRef = D4B4F48D13FF8F5000A52375 /* SBJsonBase.m */; };
		D4B4F49B13FF8F5000A52375 /* SBJsonParser.h in Headers */ = {isa = PBXBuildFile; fileRef = D4B4F48E13FF8F5000A52375 /* SBJsonParser.h */; };
		D4B4F49C13FF8F5000A52375 /* SBJsonParser.m in Sources */ = {isa = PBXBuildFile; fileRef = D4B4F48F13FF8F5000A52375 /* SBJsonParser.m */; };
		D4B4F49D13FF8F5000A52375 /* SBJsonWriter.h in Headers */ = {isa = PBXBuildFile; fileRef = D4B4F49013FF8F5000A52375 /* SBJsonWriter.h */; };
		D4B4F49E13FF8F5000A52375 /* SBJsonWriter.m in Sources */ = {isa = PBXBuildFile; fileRef = D4B4F49113FF8F5000A52375 /* SBJsonWriter.m */; };
/* End PBXBuildFile section */

/* Begin PBXFileReference section */
		D47F12E613FF234E0006315F /* libLookIO.a */ = {isa = PBXFileReference; explicitFileType = archive.ar; includeInIndex = 0; path = libLookIO.a; sourceTree = BUILT_PRODUCTS_DIR; };
		D47F12E913FF234E0006315F /* Foundation.framework */ = {isa = PBXFileReference; lastKnownFileType = wrapper.framework; name = Foundation.framework; path = System/Library/Frameworks/Foundation.framework; sourceTree = SDKROOT; };
		D47F130E13FF24A90006315F /* UIKit.framework */ = {isa = PBXFileReference; lastKnownFileType = wrapper.framework; name = UIKit.framework; path = System/Library/Frameworks/UIKit.framework; sourceTree = SDKROOT; };
		D4B4F47113FF89EE00A52375 /* GCDAsyncSocket.h */ = {isa = PBXFileReference; fileEncoding = 4; lastKnownFileType = sourcecode.c.h; name = GCDAsyncSocket.h; path = "3rd Party/AsyncSocket/GCDAsyncSocket.h"; sourceTree = "<group>"; };
		D4B4F47213FF89EE00A52375 /* GCDAsyncSocket.m */ = {isa = PBXFileReference; fileEncoding = 4; lastKnownFileType = sourcecode.c.objc; name = GCDAsyncSocket.m; path = "3rd Party/AsyncSocket/GCDAsyncSocket.m"; sourceTree = "<group>"; };
		D4B4F47613FF8B6200A52375 /* LIOLookIOManager.h */ = {isa = PBXFileReference; fileEncoding = 4; lastKnownFileType = sourcecode.c.h; path = LIOLookIOManager.h; sourceTree = "<group>"; };
		D4B4F47713FF8B6200A52375 /* LIOLookIOManager.m */ = {isa = PBXFileReference; fileEncoding = 4; lastKnownFileType = sourcecode.c.objc; path = LIOLookIOManager.m; sourceTree = "<group>"; };
		D4B4F47A13FF8C3B00A52375 /* LIOOverlayView.h */ = {isa = PBXFileReference; fileEncoding = 4; lastKnownFileType = sourcecode.c.h; path = LIOOverlayView.h; sourceTree = "<group>"; };
		D4B4F47B13FF8C3B00A52375 /* LIOOverlayView.m */ = {isa = PBXFileReference; fileEncoding = 4; lastKnownFileType = sourcecode.c.objc; path = LIOOverlayView.m; sourceTree = "<group>"; };
		D4B4F47E13FF8CB100A52375 /* LIOChatboxView.h */ = {isa = PBXFileReference; fileEncoding = 4; lastKnownFileType = sourcecode.c.h; path = LIOChatboxView.h; sourceTree = "<group>"; };
		D4B4F47F13FF8CB100A52375 /* LIOChatboxView.m */ = {isa = PBXFileReference; fileEncoding = 4; lastKnownFileType = sourcecode.c.objc; path = LIOChatboxView.m; sourceTree = "<group>"; };
		D4B4F48213FF8DB900A52375 /* CFNetwork.framework */ = {isa = PBXFileReference; lastKnownFileType = wrapper.framework; name = CFNetwork.framework; path = System/Library/Frameworks/CFNetwork.framework; sourceTree = SDKROOT; };
		D4B4F48513FF8F5000A52375 /* JSON.h */ = {isa = PBXFileReference; fileEncoding = 4; lastKnownFileType = sourcecode.c.h; path = JSON.h; sourceTree = "<group>"; };
		D4B4F48613FF8F5000A52375 /* NSObject+SBJSON.h */ = {isa = PBXFileReference; fileEncoding = 4; lastKnownFileType = sourcecode.c.h; path = "NSObject+SBJSON.h"; sourceTree = "<group>"; };
		D4B4F48713FF8F5000A52375 /* NSObject+SBJSON.m */ = {isa = PBXFileReference; fileEncoding = 4; lastKnownFileType = sourcecode.c.objc; path = "NSObject+SBJSON.m"; sourceTree = "<group>"; };
		D4B4F48813FF8F5000A52375 /* NSString+SBJSON.h */ = {isa = PBXFileReference; fileEncoding = 4; lastKnownFileType = sourcecode.c.h; path = "NSString+SBJSON.h"; sourceTree = "<group>"; };
		D4B4F48913FF8F5000A52375 /* NSString+SBJSON.m */ = {isa = PBXFileReference; fileEncoding = 4; lastKnownFileType = sourcecode.c.objc; path = "NSString+SBJSON.m"; sourceTree = "<group>"; };
		D4B4F48A13FF8F5000A52375 /* SBJSON.h */ = {isa = PBXFileReference; fileEncoding = 4; lastKnownFileType = sourcecode.c.h; path = SBJSON.h; sourceTree = "<group>"; };
		D4B4F48B13FF8F5000A52375 /* SBJSON.m */ = {isa = PBXFileReference; fileEncoding = 4; lastKnownFileType = sourcecode.c.objc; path = SBJSON.m; sourceTree = "<group>"; };
		D4B4F48C13FF8F5000A52375 /* SBJsonBase.h */ = {isa = PBXFileReference; fileEncoding = 4; lastKnownFileType = sourcecode.c.h; path = SBJsonBase.h; sourceTree = "<group>"; };
		D4B4F48D13FF8F5000A52375 /* SBJsonBase.m */ = {isa = PBXFileReference; fileEncoding = 4; lastKnownFileType = sourcecode.c.objc; path = SBJsonBase.m; sourceTree = "<group>"; };
		D4B4F48E13FF8F5000A52375 /* SBJsonParser.h */ = {isa = PBXFileReference; fileEncoding = 4; lastKnownFileType = sourcecode.c.h; path = SBJsonParser.h; sourceTree = "<group>"; };
		D4B4F48F13FF8F5000A52375 /* SBJsonParser.m */ = {isa = PBXFileReference; fileEncoding = 4; lastKnownFileType = sourcecode.c.objc; path = SBJsonParser.m; sourceTree = "<group>"; };
		D4B4F49013FF8F5000A52375 /* SBJsonWriter.h */ = {isa = PBXFileReference; fileEncoding = 4; lastKnownFileType = sourcecode.c.h; path = SBJsonWriter.h; sourceTree = "<group>"; };
		D4B4F49113FF8F5000A52375 /* SBJsonWriter.m */ = {isa = PBXFileReference; fileEncoding = 4; lastKnownFileType = sourcecode.c.objc; path = SBJsonWriter.m; sourceTree = "<group>"; };
/* End PBXFileReference section */

/* Begin PBXFrameworksBuildPhase section */
		D47F12E313FF234E0006315F /* Frameworks */ = {
			isa = PBXFrameworksBuildPhase;
			buildActionMask = 2147483647;
			files = (
				D4B4F48313FF8DB900A52375 /* CFNetwork.framework in Frameworks */,
				D47F130F13FF24A90006315F /* UIKit.framework in Frameworks */,
				D47F12EA13FF234E0006315F /* Foundation.framework in Frameworks */,
			);
			runOnlyForDeploymentPostprocessing = 0;
		};
/* End PBXFrameworksBuildPhase section */

/* Begin PBXGroup section */
		D47F12DB13FF234E0006315F = {
			isa = PBXGroup;
			children = (
				D4B4F48213FF8DB900A52375 /* CFNetwork.framework */,
				D4B4F47513FF8A3500A52375 /* Resources */,
				D4B4F46E13FF899500A52375 /* 3rd Party */,
				D47F12EB13FF234E0006315F /* LookIO */,
				D47F12E813FF234E0006315F /* Frameworks */,
				D47F12E713FF234E0006315F /* Products */,
			);
			sourceTree = "<group>";
		};
		D47F12E713FF234E0006315F /* Products */ = {
			isa = PBXGroup;
			children = (
				D47F12E613FF234E0006315F /* libLookIO.a */,
			);
			name = Products;
			sourceTree = "<group>";
		};
		D47F12E813FF234E0006315F /* Frameworks */ = {
			isa = PBXGroup;
			children = (
				D47F130E13FF24A90006315F /* UIKit.framework */,
				D47F12E913FF234E0006315F /* Foundation.framework */,
			);
			name = Frameworks;
			sourceTree = "<group>";
		};
		D47F12EB13FF234E0006315F /* LookIO */ = {
			isa = PBXGroup;
			children = (
				D4B4F47613FF8B6200A52375 /* LIOLookIOManager.h */,
				D4B4F47713FF8B6200A52375 /* LIOLookIOManager.m */,
				D4B4F47A13FF8C3B00A52375 /* LIOOverlayView.h */,
				D4B4F47B13FF8C3B00A52375 /* LIOOverlayView.m */,
				D4B4F47E13FF8CB100A52375 /* LIOChatboxView.h */,
				D4B4F47F13FF8CB100A52375 /* LIOChatboxView.m */,
			);
			path = LookIO;
			sourceTree = "<group>";
		};
		D4B4F46E13FF899500A52375 /* 3rd Party */ = {
			isa = PBXGroup;
			children = (
				D4B4F48413FF8F5000A52375 /* SBJSON */,
				D4B4F47013FF89A500A52375 /* AsyncSocket */,
			);
			name = "3rd Party";
			sourceTree = "<group>";
		};
		D4B4F47013FF89A500A52375 /* AsyncSocket */ = {
			isa = PBXGroup;
			children = (
				D4B4F47113FF89EE00A52375 /* GCDAsyncSocket.h */,
				D4B4F47213FF89EE00A52375 /* GCDAsyncSocket.m */,
			);
			name = AsyncSocket;
			sourceTree = "<group>";
		};
		D4B4F47513FF8A3500A52375 /* Resources */ = {
			isa = PBXGroup;
			children = (
			);
			name = Resources;
			sourceTree = "<group>";
		};
		D4B4F48413FF8F5000A52375 /* SBJSON */ = {
			isa = PBXGroup;
			children = (
				D4B4F48513FF8F5000A52375 /* JSON.h */,
				D4B4F48613FF8F5000A52375 /* NSObject+SBJSON.h */,
				D4B4F48713FF8F5000A52375 /* NSObject+SBJSON.m */,
				D4B4F48813FF8F5000A52375 /* NSString+SBJSON.h */,
				D4B4F48913FF8F5000A52375 /* NSString+SBJSON.m */,
				D4B4F48A13FF8F5000A52375 /* SBJSON.h */,
				D4B4F48B13FF8F5000A52375 /* SBJSON.m */,
				D4B4F48C13FF8F5000A52375 /* SBJsonBase.h */,
				D4B4F48D13FF8F5000A52375 /* SBJsonBase.m */,
				D4B4F48E13FF8F5000A52375 /* SBJsonParser.h */,
				D4B4F48F13FF8F5000A52375 /* SBJsonParser.m */,
				D4B4F49013FF8F5000A52375 /* SBJsonWriter.h */,
				D4B4F49113FF8F5000A52375 /* SBJsonWriter.m */,
			);
			name = SBJSON;
			path = "3rd Party/SBJSON";
			sourceTree = "<group>";
		};
/* End PBXGroup section */

/* Begin PBXHeadersBuildPhase section */
		D47F12E413FF234E0006315F /* Headers */ = {
			isa = PBXHeadersBuildPhase;
			buildActionMask = 2147483647;
			files = (
				D4B4F47313FF89EE00A52375 /* GCDAsyncSocket.h in Headers */,
				D4B4F47813FF8B6200A52375 /* LIOLookIOManager.h in Headers */,
				D4B4F47C13FF8C3B00A52375 /* LIOOverlayView.h in Headers */,
				D4B4F48013FF8CB100A52375 /* LIOChatboxView.h in Headers */,
				D4B4F49213FF8F5000A52375 /* JSON.h in Headers */,
				D4B4F49313FF8F5000A52375 /* NSObject+SBJSON.h in Headers */,
				D4B4F49513FF8F5000A52375 /* NSString+SBJSON.h in Headers */,
				D4B4F49713FF8F5000A52375 /* SBJSON.h in Headers */,
				D4B4F49913FF8F5000A52375 /* SBJsonBase.h in Headers */,
				D4B4F49B13FF8F5000A52375 /* SBJsonParser.h in Headers */,
				D4B4F49D13FF8F5000A52375 /* SBJsonWriter.h in Headers */,
			);
			runOnlyForDeploymentPostprocessing = 0;
		};
/* End PBXHeadersBuildPhase section */

/* Begin PBXNativeTarget section */
		D47F12E513FF234E0006315F /* LookIO */ = {
			isa = PBXNativeTarget;
			buildConfigurationList = D47F12F313FF234E0006315F /* Build configuration list for PBXNativeTarget "LookIO" */;
			buildPhases = (
				D47F12E213FF234E0006315F /* Sources */,
				D47F12E313FF234E0006315F /* Frameworks */,
				D47F12E413FF234E0006315F /* Headers */,
			);
			buildRules = (
			);
			dependencies = (
			);
			name = LookIO;
			productName = LookIO;
			productReference = D47F12E613FF234E0006315F /* libLookIO.a */;
			productType = "com.apple.product-type.library.static";
		};
/* End PBXNativeTarget section */

/* Begin PBXProject section */
		D47F12DD13FF234E0006315F /* Project object */ = {
			isa = PBXProject;
			attributes = {
				LastUpgradeCheck = 0420;
			};
			buildConfigurationList = D47F12E013FF234E0006315F /* Build configuration list for PBXProject "LookIO" */;
			compatibilityVersion = "Xcode 3.2";
			developmentRegion = English;
			hasScannedForEncodings = 0;
			knownRegions = (
				en,
			);
			mainGroup = D47F12DB13FF234E0006315F;
			productRefGroup = D47F12E713FF234E0006315F /* Products */;
			projectDirPath = "";
			projectRoot = "";
			targets = (
				D47F12E513FF234E0006315F /* LookIO */,
			);
		};
/* End PBXProject section */

/* Begin PBXSourcesBuildPhase section */
		D47F12E213FF234E0006315F /* Sources */ = {
			isa = PBXSourcesBuildPhase;
			buildActionMask = 2147483647;
			files = (
				D4B4F47413FF89EE00A52375 /* GCDAsyncSocket.m in Sources */,
				D4B4F47913FF8B6200A52375 /* LIOLookIOManager.m in Sources */,
				D4B4F47D13FF8C3B00A52375 /* LIOOverlayView.m in Sources */,
				D4B4F48113FF8CB100A52375 /* LIOChatboxView.m in Sources */,
				D4B4F49413FF8F5000A52375 /* NSObject+SBJSON.m in Sources */,
				D4B4F49613FF8F5000A52375 /* NSString+SBJSON.m in Sources */,
				D4B4F49813FF8F5000A52375 /* SBJSON.m in Sources */,
				D4B4F49A13FF8F5000A52375 /* SBJsonBase.m in Sources */,
				D4B4F49C13FF8F5000A52375 /* SBJsonParser.m in Sources */,
				D4B4F49E13FF8F5000A52375 /* SBJsonWriter.m in Sources */,
			);
			runOnlyForDeploymentPostprocessing = 0;
		};
/* End PBXSourcesBuildPhase section */

/* Begin XCBuildConfiguration section */
		D47F12F113FF234E0006315F /* Debug */ = {
			isa = XCBuildConfiguration;
			buildSettings = {
				ALWAYS_SEARCH_USER_PATHS = NO;
				ARCHS = "$(ARCHS_STANDARD_32_BIT)";
				COPY_PHASE_STRIP = NO;
				GCC_C_LANGUAGE_STANDARD = gnu99;
				GCC_DYNAMIC_NO_PIC = NO;
				GCC_OPTIMIZATION_LEVEL = 0;
				GCC_PREPROCESSOR_DEFINITIONS = (
					"DEBUG=1",
					"$(inherited)",
				);
				GCC_SYMBOLS_PRIVATE_EXTERN = NO;
				GCC_VERSION = com.apple.compilers.llvm.clang.1_0;
				GCC_WARN_ABOUT_MISSING_PROTOTYPES = YES;
				GCC_WARN_ABOUT_RETURN_TYPE = YES;
				GCC_WARN_UNUSED_VARIABLE = YES;
				IPHONEOS_DEPLOYMENT_TARGET = 5.0;
				SDKROOT = iphoneos;
			};
			name = Debug;
		};
		D47F12F213FF234E0006315F /* Release */ = {
			isa = XCBuildConfiguration;
			buildSettings = {
				ALWAYS_SEARCH_USER_PATHS = NO;
				ARCHS = "$(ARCHS_STANDARD_32_BIT)";
				COPY_PHASE_STRIP = YES;
				GCC_C_LANGUAGE_STANDARD = gnu99;
				GCC_VERSION = com.apple.compilers.llvm.clang.1_0;
				GCC_WARN_ABOUT_MISSING_PROTOTYPES = YES;
				GCC_WARN_ABOUT_RETURN_TYPE = YES;
				GCC_WARN_UNUSED_VARIABLE = YES;
				IPHONEOS_DEPLOYMENT_TARGET = 5.0;
				SDKROOT = iphoneos;
				VALIDATE_PRODUCT = YES;
			};
			name = Release;
		};
		D47F12F413FF234E0006315F /* Debug */ = {
			isa = XCBuildConfiguration;
			buildSettings = {
				DSTROOT = /tmp/LookIO.dst;
				IPHONEOS_DEPLOYMENT_TARGET = 4.0;
				OTHER_LDFLAGS = "-ObjC";
				PRODUCT_NAME = "$(TARGET_NAME)";
				SKIP_INSTALL = YES;
			};
			name = Debug;
		};
		D47F12F513FF234E0006315F /* Release */ = {
			isa = XCBuildConfiguration;
			buildSettings = {
				DSTROOT = /tmp/LookIO.dst;
				IPHONEOS_DEPLOYMENT_TARGET = 4.0;
				OTHER_LDFLAGS = "-ObjC";
				PRODUCT_NAME = "$(TARGET_NAME)";
				SKIP_INSTALL = YES;
			};
			name = Release;
		};
/* End XCBuildConfiguration section */

/* Begin XCConfigurationList section */
		D47F12E013FF234E0006315F /* Build configuration list for PBXProject "LookIO" */ = {
			isa = XCConfigurationList;
			buildConfigurations = (
				D47F12F113FF234E0006315F /* Debug */,
				D47F12F213FF234E0006315F /* Release */,
			);
			defaultConfigurationIsVisible = 0;
			defaultConfigurationName = Release;
		};
		D47F12F313FF234E0006315F /* Build configuration list for PBXNativeTarget "LookIO" */ = {
			isa = XCConfigurationList;
			buildConfigurations = (
				D47F12F413FF234E0006315F /* Debug */,
				D47F12F513FF234E0006315F /* Release */,
			);
			defaultConfigurationIsVisible = 0;
			defaultConfigurationName = Release;
		};
/* End XCConfigurationList section */
	};
	rootObject = D47F12DD13FF234E0006315F /* Project object */;
}
