// !$*UTF8*$!
{
	archiveVersion = 1;
	classes = {
	};
	objectVersion = 46;
	objects = {

/* Begin PBXBuildFile section */
		D47F12EA13FF234E0006315F /* Foundation.framework in Frameworks */ = {isa = PBXBuildFile; fileRef = D47F12E913FF234E0006315F /* Foundation.framework */; };
		D47F130F13FF24A90006315F /* UIKit.framework in Frameworks */ = {isa = PBXBuildFile; fileRef = D47F130E13FF24A90006315F /* UIKit.framework */; };
		D47F131213FF25060006315F /* LIOLookIOManager.h in Headers */ = {isa = PBXBuildFile; fileRef = D47F131013FF25060006315F /* LIOLookIOManager.h */; };
		D47F131313FF25060006315F /* LIOLookIOManager.m in Sources */ = {isa = PBXBuildFile; fileRef = D47F131113FF25060006315F /* LIOLookIOManager.m */; };
		D4B4F47313FF89EE00A52375 /* GCDAsyncSocket.h in Headers */ = {isa = PBXBuildFile; fileRef = D4B4F47113FF89EE00A52375 /* GCDAsyncSocket.h */; };
		D4B4F47413FF89EE00A52375 /* GCDAsyncSocket.m in Sources */ = {isa = PBXBuildFile; fileRef = D4B4F47213FF89EE00A52375 /* GCDAsyncSocket.m */; };
/* End PBXBuildFile section */

/* Begin PBXFileReference section */
		D47F12E613FF234E0006315F /* libLookIO.a */ = {isa = PBXFileReference; explicitFileType = archive.ar; includeInIndex = 0; path = libLookIO.a; sourceTree = BUILT_PRODUCTS_DIR; };
		D47F12E913FF234E0006315F /* Foundation.framework */ = {isa = PBXFileReference; lastKnownFileType = wrapper.framework; name = Foundation.framework; path = System/Library/Frameworks/Foundation.framework; sourceTree = SDKROOT; };
		D47F130E13FF24A90006315F /* UIKit.framework */ = {isa = PBXFileReference; lastKnownFileType = wrapper.framework; name = UIKit.framework; path = System/Library/Frameworks/UIKit.framework; sourceTree = SDKROOT; };
		D47F131013FF25060006315F /* LIOLookIOManager.h */ = {isa = PBXFileReference; fileEncoding = 4; lastKnownFileType = sourcecode.c.h; path = LIOLookIOManager.h; sourceTree = SOURCE_ROOT; };
		D47F131113FF25060006315F /* LIOLookIOManager.m */ = {isa = PBXFileReference; fileEncoding = 4; lastKnownFileType = sourcecode.c.objc; path = LIOLookIOManager.m; sourceTree = SOURCE_ROOT; };
		D4B4F47113FF89EE00A52375 /* GCDAsyncSocket.h */ = {isa = PBXFileReference; fileEncoding = 4; lastKnownFileType = sourcecode.c.h; name = GCDAsyncSocket.h; path = "3rd Party/AsyncSocket/GCDAsyncSocket.h"; sourceTree = "<group>"; };
		D4B4F47213FF89EE00A52375 /* GCDAsyncSocket.m */ = {isa = PBXFileReference; fileEncoding = 4; lastKnownFileType = sourcecode.c.objc; name = GCDAsyncSocket.m; path = "3rd Party/AsyncSocket/GCDAsyncSocket.m"; sourceTree = "<group>"; };
/* End PBXFileReference section */

/* Begin PBXFrameworksBuildPhase section */
		D47F12E313FF234E0006315F /* Frameworks */ = {
			isa = PBXFrameworksBuildPhase;
			buildActionMask = 2147483647;
			files = (
				D47F130F13FF24A90006315F /* UIKit.framework in Frameworks */,
				D47F12EA13FF234E0006315F /* Foundation.framework in Frameworks */,
			);
			runOnlyForDeploymentPostprocessing = 0;
		};
/* End PBXFrameworksBuildPhase section */

/* Begin PBXGroup section */
		D47F12DB13FF234E0006315F = {
			isa = PBXGroup;
			children = (
				D4B4F47513FF8A3500A52375 /* Resources */,
				D4B4F46E13FF899500A52375 /* 3rd Party */,
				D47F12EB13FF234E0006315F /* LookIO */,
				D47F12E813FF234E0006315F /* Frameworks */,
				D47F12E713FF234E0006315F /* Products */,
			);
			sourceTree = "<group>";
		};
		D47F12E713FF234E0006315F /* Products */ = {
			isa = PBXGroup;
			children = (
				D47F12E613FF234E0006315F /* libLookIO.a */,
			);
			name = Products;
			sourceTree = "<group>";
		};
		D47F12E813FF234E0006315F /* Frameworks */ = {
			isa = PBXGroup;
			children = (
				D47F130E13FF24A90006315F /* UIKit.framework */,
				D47F12E913FF234E0006315F /* Foundation.framework */,
			);
			name = Frameworks;
			sourceTree = "<group>";
		};
		D47F12EB13FF234E0006315F /* LookIO */ = {
			isa = PBXGroup;
			children = (
				D47F131013FF25060006315F /* LIOLookIOManager.h */,
				D47F131113FF25060006315F /* LIOLookIOManager.m */,
			);
			path = LookIO;
			sourceTree = "<group>";
		};
		D4B4F46E13FF899500A52375 /* 3rd Party */ = {
			isa = PBXGroup;
			children = (
				D4B4F47013FF89A500A52375 /* AsyncSocket */,
			);
			name = "3rd Party";
			sourceTree = "<group>";
		};
		D4B4F47013FF89A500A52375 /* AsyncSocket */ = {
			isa = PBXGroup;
			children = (
				D4B4F47113FF89EE00A52375 /* GCDAsyncSocket.h */,
				D4B4F47213FF89EE00A52375 /* GCDAsyncSocket.m */,
			);
			name = AsyncSocket;
			sourceTree = "<group>";
		};
		D4B4F47513FF8A3500A52375 /* Resources */ = {
			isa = PBXGroup;
			children = (
			);
			name = Resources;
			sourceTree = "<group>";
		};
/* End PBXGroup section */

/* Begin PBXHeadersBuildPhase section */
		D47F12E413FF234E0006315F /* Headers */ = {
			isa = PBXHeadersBuildPhase;
			buildActionMask = 2147483647;
			files = (
				D47F131213FF25060006315F /* LIOLookIOManager.h in Headers */,
				D4B4F47313FF89EE00A52375 /* GCDAsyncSocket.h in Headers */,
			);
			runOnlyForDeploymentPostprocessing = 0;
		};
/* End PBXHeadersBuildPhase section */

/* Begin PBXNativeTarget section */
		D47F12E513FF234E0006315F /* LookIO */ = {
			isa = PBXNativeTarget;
			buildConfigurationList = D47F12F313FF234E0006315F /* Build configuration list for PBXNativeTarget "LookIO" */;
			buildPhases = (
				D47F12E213FF234E0006315F /* Sources */,
				D47F12E313FF234E0006315F /* Frameworks */,
				D47F12E413FF234E0006315F /* Headers */,
			);
			buildRules = (
			);
			dependencies = (
			);
			name = LookIO;
			productName = LookIO;
			productReference = D47F12E613FF234E0006315F /* libLookIO.a */;
			productType = "com.apple.product-type.library.static";
		};
/* End PBXNativeTarget section */

/* Begin PBXProject section */
		D47F12DD13FF234E0006315F /* Project object */ = {
			isa = PBXProject;
			attributes = {
				LastUpgradeCheck = 0420;
			};
			buildConfigurationList = D47F12E013FF234E0006315F /* Build configuration list for PBXProject "LookIO" */;
			compatibilityVersion = "Xcode 3.2";
			developmentRegion = English;
			hasScannedForEncodings = 0;
			knownRegions = (
				en,
			);
			mainGroup = D47F12DB13FF234E0006315F;
			productRefGroup = D47F12E713FF234E0006315F /* Products */;
			projectDirPath = "";
			projectRoot = "";
			targets = (
				D47F12E513FF234E0006315F /* LookIO */,
			);
		};
/* End PBXProject section */

/* Begin PBXSourcesBuildPhase section */
		D47F12E213FF234E0006315F /* Sources */ = {
			isa = PBXSourcesBuildPhase;
			buildActionMask = 2147483647;
			files = (
				D47F131313FF25060006315F /* LIOLookIOManager.m in Sources */,
				D4B4F47413FF89EE00A52375 /* GCDAsyncSocket.m in Sources */,
			);
			runOnlyForDeploymentPostprocessing = 0;
		};
/* End PBXSourcesBuildPhase section */

/* Begin XCBuildConfiguration section */
		D47F12F113FF234E0006315F /* Debug */ = {
			isa = XCBuildConfiguration;
			buildSettings = {
				ALWAYS_SEARCH_USER_PATHS = NO;
				ARCHS = "$(ARCHS_STANDARD_32_BIT)";
				COPY_PHASE_STRIP = NO;
				GCC_C_LANGUAGE_STANDARD = gnu99;
				GCC_DYNAMIC_NO_PIC = NO;
				GCC_OPTIMIZATION_LEVEL = 0;
				GCC_PREPROCESSOR_DEFINITIONS = (
					"DEBUG=1",
					"$(inherited)",
				);
				GCC_SYMBOLS_PRIVATE_EXTERN = NO;
				GCC_VERSION = com.apple.compilers.llvm.clang.1_0;
				GCC_WARN_ABOUT_MISSING_PROTOTYPES = YES;
				GCC_WARN_ABOUT_RETURN_TYPE = YES;
				GCC_WARN_UNUSED_VARIABLE = YES;
				IPHONEOS_DEPLOYMENT_TARGET = 5.0;
				SDKROOT = iphoneos;
			};
			name = Debug;
		};
		D47F12F213FF234E0006315F /* Release */ = {
			isa = XCBuildConfiguration;
			buildSettings = {
				ALWAYS_SEARCH_USER_PATHS = NO;
				ARCHS = "$(ARCHS_STANDARD_32_BIT)";
				COPY_PHASE_STRIP = YES;
				GCC_C_LANGUAGE_STANDARD = gnu99;
				GCC_VERSION = com.apple.compilers.llvm.clang.1_0;
				GCC_WARN_ABOUT_MISSING_PROTOTYPES = YES;
				GCC_WARN_ABOUT_RETURN_TYPE = YES;
				GCC_WARN_UNUSED_VARIABLE = YES;
				IPHONEOS_DEPLOYMENT_TARGET = 5.0;
				SDKROOT = iphoneos;
				VALIDATE_PRODUCT = YES;
			};
			name = Release;
		};
		D47F12F413FF234E0006315F /* Debug */ = {
			isa = XCBuildConfiguration;
			buildSettings = {
				DSTROOT = /tmp/LookIO.dst;
				GCC_PRECOMPILE_PREFIX_HEADER = YES;
				GCC_PREFIX_HEADER = "LookIO/LookIO-Prefix.pch";
				IPHONEOS_DEPLOYMENT_TARGET = 4.0;
				OTHER_LDFLAGS = "-ObjC";
				PRODUCT_NAME = "$(TARGET_NAME)";
				SKIP_INSTALL = YES;
			};
			name = Debug;
		};
		D47F12F513FF234E0006315F /* Release */ = {
			isa = XCBuildConfiguration;
			buildSettings = {
				DSTROOT = /tmp/LookIO.dst;
				GCC_PRECOMPILE_PREFIX_HEADER = YES;
				GCC_PREFIX_HEADER = "LookIO/LookIO-Prefix.pch";
				IPHONEOS_DEPLOYMENT_TARGET = 4.0;
				OTHER_LDFLAGS = "-ObjC";
				PRODUCT_NAME = "$(TARGET_NAME)";
				SKIP_INSTALL = YES;
			};
			name = Release;
		};
/* End XCBuildConfiguration section */

/* Begin XCConfigurationList section */
		D47F12E013FF234E0006315F /* Build configuration list for PBXProject "LookIO" */ = {
			isa = XCConfigurationList;
			buildConfigurations = (
				D47F12F113FF234E0006315F /* Debug */,
				D47F12F213FF234E0006315F /* Release */,
			);
			defaultConfigurationIsVisible = 0;
			defaultConfigurationName = Release;
		};
		D47F12F313FF234E0006315F /* Build configuration list for PBXNativeTarget "LookIO" */ = {
			isa = XCConfigurationList;
			buildConfigurations = (
				D47F12F413FF234E0006315F /* Debug */,
				D47F12F513FF234E0006315F /* Release */,
			);
			defaultConfigurationIsVisible = 0;
			defaultConfigurationName = Release;
		};
/* End XCConfigurationList section */
	};
	rootObject = D47F12DD13FF234E0006315F /* Project object */;
}
