// !$*UTF8*$!
{
	archiveVersion = 1;
	classes = {
	};
	objectVersion = 46;
	objects = {

/* Begin PBXBuildFile section */
		CDB6AFC214464ED6007BF92D /* LIOFullLogo.png in Resources */ = {isa = PBXBuildFile; fileRef = CDB6AFC014464ED6007BF92D /* LIOFullLogo.png */; };
		CDB6AFC314464ED6007BF92D /* LIOFullLogo@2x.png in Resources */ = {isa = PBXBuildFile; fileRef = CDB6AFC114464ED6007BF92D /* LIOFullLogo@2x.png */; };
		D416C513141411F600D3509B /* LIOInputBar.png in Resources */ = {isa = PBXBuildFile; fileRef = D416C512141411F600D3509B /* LIOInputBar.png */; };
		D44DD7C414044915004374FE /* UIKit.framework in Frameworks */ = {isa = PBXBuildFile; fileRef = D44DD7C314044915004374FE /* UIKit.framework */; };
		D44DD7C614044915004374FE /* Foundation.framework in Frameworks */ = {isa = PBXBuildFile; fileRef = D44DD7C514044915004374FE /* Foundation.framework */; };
		D44DD7C814044915004374FE /* CoreGraphics.framework in Frameworks */ = {isa = PBXBuildFile; fileRef = D44DD7C714044915004374FE /* CoreGraphics.framework */; };
		D44DD81B14044966004374FE /* ClickIndicator.png in Resources */ = {isa = PBXBuildFile; fileRef = D44DD7F914044966004374FE /* ClickIndicator.png */; };
		D44DD81C14044966004374FE /* ClickIndicator@2x.png in Resources */ = {isa = PBXBuildFile; fileRef = D44DD7FA14044966004374FE /* ClickIndicator@2x.png */; };
		D44DD81D14044966004374FE /* DefaultTouch.png in Resources */ = {isa = PBXBuildFile; fileRef = D44DD7FB14044966004374FE /* DefaultTouch.png */; };
		D44DD81E14044966004374FE /* DefaultTouch@2x.png in Resources */ = {isa = PBXBuildFile; fileRef = D44DD7FC14044966004374FE /* DefaultTouch@2x.png */; };
		D44DD81F14044966004374FE /* DefaultTouchOrange.png in Resources */ = {isa = PBXBuildFile; fileRef = D44DD7FD14044966004374FE /* DefaultTouchOrange.png */; };
		D44DD82014044966004374FE /* DefaultTouchOrange@2x.png in Resources */ = {isa = PBXBuildFile; fileRef = D44DD7FE14044966004374FE /* DefaultTouchOrange@2x.png */; };
		D44DD82114044966004374FE /* HelpButton.png in Resources */ = {isa = PBXBuildFile; fileRef = D44DD7FF14044966004374FE /* HelpButton.png */; };
		D44DD82214044966004374FE /* HelpButton@2x.png in Resources */ = {isa = PBXBuildFile; fileRef = D44DD80014044966004374FE /* HelpButton@2x.png */; };
		D44DD82314044966004374FE /* LookIOLogo.png in Resources */ = {isa = PBXBuildFile; fileRef = D44DD80114044966004374FE /* LookIOLogo.png */; };
		D44DD82414044966004374FE /* LookIOLogo@2x.png in Resources */ = {isa = PBXBuildFile; fileRef = D44DD80214044966004374FE /* LookIOLogo@2x.png */; };
		D44DD82514044966004374FE /* TalkButton.png in Resources */ = {isa = PBXBuildFile; fileRef = D44DD80314044966004374FE /* TalkButton.png */; };
		D44DD82614044966004374FE /* TalkButton@2x.png in Resources */ = {isa = PBXBuildFile; fileRef = D44DD80414044966004374FE /* TalkButton@2x.png */; };
		D44DD82714044966004374FE /* TravelocityHotelDetail.png in Resources */ = {isa = PBXBuildFile; fileRef = D44DD80514044966004374FE /* TravelocityHotelDetail.png */; };
		D44DD82814044966004374FE /* TravelocityHotelDetail@2x.png in Resources */ = {isa = PBXBuildFile; fileRef = D44DD80614044966004374FE /* TravelocityHotelDetail@2x.png */; };
		D44DD82914044966004374FE /* TravelocityMain.png in Resources */ = {isa = PBXBuildFile; fileRef = D44DD80714044966004374FE /* TravelocityMain.png */; };
		D44DD82A14044966004374FE /* TravelocityMain@2x.png in Resources */ = {isa = PBXBuildFile; fileRef = D44DD80814044966004374FE /* TravelocityMain@2x.png */; };
		D44DD82C14044966004374FE /* LTBAppDelegate.m in Sources */ = {isa = PBXBuildFile; fileRef = D44DD80D14044966004374FE /* LTBAppDelegate.m */; };
		D44DD82D14044966004374FE /* LTBBookHotelsViewController.m in Sources */ = {isa = PBXBuildFile; fileRef = D44DD80F14044966004374FE /* LTBBookHotelsViewController.m */; };
		D44DD82E14044966004374FE /* LTBMainViewController.m in Sources */ = {isa = PBXBuildFile; fileRef = D44DD81114044966004374FE /* LTBMainViewController.m */; };
		D44DD82F14044966004374FE /* main.m in Sources */ = {isa = PBXBuildFile; fileRef = D44DD81214044966004374FE /* main.m */; };
		D462A3F3140DB4CA006BEDD3 /* QuartzCore.framework in Frameworks */ = {isa = PBXBuildFile; fileRef = D462A3F2140DB4CA006BEDD3 /* QuartzCore.framework */; };
		D479706F141D4B5E00950E53 /* AudioToolbox.framework in Frameworks */ = {isa = PBXBuildFile; fileRef = D479706E141D4B5E00950E53 /* AudioToolbox.framework */; };
		D4797073141D530900950E53 /* MessageUI.framework in Frameworks */ = {isa = PBXBuildFile; fileRef = D4797072141D530900950E53 /* MessageUI.framework */; };
		D47CD779142FACBE0024C677 /* LIOGrayButton.png in Resources */ = {isa = PBXBuildFile; fileRef = D47CD777142FACBE0024C677 /* LIOGrayButton.png */; };
		D47CD77A142FACBE0024C677 /* LIOGreenButton.png in Resources */ = {isa = PBXBuildFile; fileRef = D47CD778142FACBE0024C677 /* LIOGreenButton.png */; };
		D47CD77F142FB0E20024C677 /* LIOGrayButton@2x.png in Resources */ = {isa = PBXBuildFile; fileRef = D47CD77B142FB0E20024C677 /* LIOGrayButton@2x.png */; };
		D47CD780142FB0E20024C677 /* LIOGreenButton@2x.png in Resources */ = {isa = PBXBuildFile; fileRef = D47CD77C142FB0E20024C677 /* LIOGreenButton@2x.png */; };
		D47CD781142FB0E20024C677 /* LIOSettingsButton.png in Resources */ = {isa = PBXBuildFile; fileRef = D47CD77D142FB0E20024C677 /* LIOSettingsButton.png */; };
		D47CD782142FB0E20024C677 /* LIOSettingsButton@2x.png in Resources */ = {isa = PBXBuildFile; fileRef = D47CD77E142FB0E20024C677 /* LIOSettingsButton@2x.png */; };
		D48ABF1D1404698400835205 /* libLookIO.a in Frameworks */ = {isa = PBXBuildFile; fileRef = D48ABF1B1404698400835205 /* libLookIO.a */; };
		D48ABF1E1404698400835205 /* CFNetwork.framework in Frameworks */ = {isa = PBXBuildFile; fileRef = D48ABF1C1404698400835205 /* CFNetwork.framework */; };
		D4B41D3314086D1D00B73C84 /* LTBBookFlightsViewController.m in Sources */ = {isa = PBXBuildFile; fileRef = D4B41D3214086D1D00B73C84 /* LTBBookFlightsViewController.m */; };
		D4B41D371408774800B73C84 /* TravelocityFlightDetail.png in Resources */ = {isa = PBXBuildFile; fileRef = D4B41D351408774800B73C84 /* TravelocityFlightDetail.png */; };
		D4B41D381408774800B73C84 /* TravelocityFlightDetail@2x.png in Resources */ = {isa = PBXBuildFile; fileRef = D4B41D361408774800B73C84 /* TravelocityFlightDetail@2x.png */; };
		D4B41D40140986AE00B73C84 /* ControlButton.png in Resources */ = {isa = PBXBuildFile; fileRef = D4B41D3E140986AE00B73C84 /* ControlButton.png */; };
		D4B41D41140986AE00B73C84 /* ControlButton@2x.png in Resources */ = {isa = PBXBuildFile; fileRef = D4B41D3F140986AE00B73C84 /* ControlButton@2x.png */; };
		D4B41D57140AC2B900B73C84 /* LookIOConnect.caf in Resources */ = {isa = PBXBuildFile; fileRef = D4B41D55140AC2B800B73C84 /* LookIOConnect.caf */; };
		D4B41D58140AC2B900B73C84 /* LookIODing.caf in Resources */ = {isa = PBXBuildFile; fileRef = D4B41D56140AC2B800B73C84 /* LookIODing.caf */; };
/* End PBXBuildFile section */

/* Begin PBXFileReference section */
		CDB6AFC014464ED6007BF92D /* LIOFullLogo.png */ = {isa = PBXFileReference; lastKnownFileType = image.png; path = LIOFullLogo.png; sourceTree = "<group>"; };
		CDB6AFC114464ED6007BF92D /* LIOFullLogo@2x.png */ = {isa = PBXFileReference; lastKnownFileType = image.png; path = "LIOFullLogo@2x.png"; sourceTree = "<group>"; };
		D416C512141411F600D3509B /* LIOInputBar.png */ = {isa = PBXFileReference; lastKnownFileType = image.png; path = LIOInputBar.png; sourceTree = "<group>"; };
		D44DD7BF14044915004374FE /* Testbed.app */ = {isa = PBXFileReference; explicitFileType = wrapper.application; includeInIndex = 0; path = Testbed.app; sourceTree = BUILT_PRODUCTS_DIR; };
		D44DD7C314044915004374FE /* UIKit.framework */ = {isa = PBXFileReference; lastKnownFileType = wrapper.framework; name = UIKit.framework; path = Library/Frameworks/UIKit.framework; sourceTree = DEVELOPER_DIR; };
		D44DD7C514044915004374FE /* Foundation.framework */ = {isa = PBXFileReference; lastKnownFileType = wrapper.framework; name = Foundation.framework; path = Library/Frameworks/Foundation.framework; sourceTree = DEVELOPER_DIR; };
		D44DD7C714044915004374FE /* CoreGraphics.framework */ = {isa = PBXFileReference; lastKnownFileType = wrapper.framework; name = CoreGraphics.framework; path = Library/Frameworks/CoreGraphics.framework; sourceTree = DEVELOPER_DIR; };
		D44DD7F914044966004374FE /* ClickIndicator.png */ = {isa = PBXFileReference; lastKnownFileType = image.png; path = ClickIndicator.png; sourceTree = "<group>"; };
		D44DD7FA14044966004374FE /* ClickIndicator@2x.png */ = {isa = PBXFileReference; lastKnownFileType = image.png; path = "ClickIndicator@2x.png"; sourceTree = "<group>"; };
		D44DD7FB14044966004374FE /* DefaultTouch.png */ = {isa = PBXFileReference; lastKnownFileType = image.png; path = DefaultTouch.png; sourceTree = "<group>"; };
		D44DD7FC14044966004374FE /* DefaultTouch@2x.png */ = {isa = PBXFileReference; lastKnownFileType = image.png; path = "DefaultTouch@2x.png"; sourceTree = "<group>"; };
		D44DD7FD14044966004374FE /* DefaultTouchOrange.png */ = {isa = PBXFileReference; lastKnownFileType = image.png; path = DefaultTouchOrange.png; sourceTree = "<group>"; };
		D44DD7FE14044966004374FE /* DefaultTouchOrange@2x.png */ = {isa = PBXFileReference; lastKnownFileType = image.png; path = "DefaultTouchOrange@2x.png"; sourceTree = "<group>"; };
		D44DD7FF14044966004374FE /* HelpButton.png */ = {isa = PBXFileReference; lastKnownFileType = image.png; path = HelpButton.png; sourceTree = "<group>"; };
		D44DD80014044966004374FE /* HelpButton@2x.png */ = {isa = PBXFileReference; lastKnownFileType = image.png; path = "HelpButton@2x.png"; sourceTree = "<group>"; };
		D44DD80114044966004374FE /* LookIOLogo.png */ = {isa = PBXFileReference; lastKnownFileType = image.png; path = LookIOLogo.png; sourceTree = "<group>"; };
		D44DD80214044966004374FE /* LookIOLogo@2x.png */ = {isa = PBXFileReference; lastKnownFileType = image.png; path = "LookIOLogo@2x.png"; sourceTree = "<group>"; };
		D44DD80314044966004374FE /* TalkButton.png */ = {isa = PBXFileReference; lastKnownFileType = image.png; path = TalkButton.png; sourceTree = "<group>"; };
		D44DD80414044966004374FE /* TalkButton@2x.png */ = {isa = PBXFileReference; lastKnownFileType = image.png; path = "TalkButton@2x.png"; sourceTree = "<group>"; };
		D44DD80514044966004374FE /* TravelocityHotelDetail.png */ = {isa = PBXFileReference; lastKnownFileType = image.png; path = TravelocityHotelDetail.png; sourceTree = "<group>"; };
		D44DD80614044966004374FE /* TravelocityHotelDetail@2x.png */ = {isa = PBXFileReference; lastKnownFileType = image.png; path = "TravelocityHotelDetail@2x.png"; sourceTree = "<group>"; };
		D44DD80714044966004374FE /* TravelocityMain.png */ = {isa = PBXFileReference; lastKnownFileType = image.png; path = TravelocityMain.png; sourceTree = "<group>"; };
		D44DD80814044966004374FE /* TravelocityMain@2x.png */ = {isa = PBXFileReference; lastKnownFileType = image.png; path = "TravelocityMain@2x.png"; sourceTree = "<group>"; };
		D44DD80A14044966004374FE /* Testbed-Info.plist */ = {isa = PBXFileReference; fileEncoding = 4; lastKnownFileType = text.plist.xml; path = "Testbed-Info.plist"; sourceTree = "<group>"; };
		D44DD80C14044966004374FE /* LTBAppDelegate.h */ = {isa = PBXFileReference; fileEncoding = 4; lastKnownFileType = sourcecode.c.h; path = LTBAppDelegate.h; sourceTree = "<group>"; };
		D44DD80D14044966004374FE /* LTBAppDelegate.m */ = {isa = PBXFileReference; fileEncoding = 4; lastKnownFileType = sourcecode.c.objc; path = LTBAppDelegate.m; sourceTree = "<group>"; };
		D44DD80E14044966004374FE /* LTBBookHotelsViewController.h */ = {isa = PBXFileReference; fileEncoding = 4; lastKnownFileType = sourcecode.c.h; path = LTBBookHotelsViewController.h; sourceTree = "<group>"; };
		D44DD80F14044966004374FE /* LTBBookHotelsViewController.m */ = {isa = PBXFileReference; fileEncoding = 4; lastKnownFileType = sourcecode.c.objc; path = LTBBookHotelsViewController.m; sourceTree = "<group>"; };
		D44DD81014044966004374FE /* LTBMainViewController.h */ = {isa = PBXFileReference; fileEncoding = 4; lastKnownFileType = sourcecode.c.h; path = LTBMainViewController.h; sourceTree = "<group>"; };
		D44DD81114044966004374FE /* LTBMainViewController.m */ = {isa = PBXFileReference; fileEncoding = 4; lastKnownFileType = sourcecode.c.objc; path = LTBMainViewController.m; sourceTree = "<group>"; };
		D44DD81214044966004374FE /* main.m */ = {isa = PBXFileReference; fileEncoding = 4; lastKnownFileType = sourcecode.c.objc; path = main.m; sourceTree = "<group>"; };
		D462A3F2140DB4CA006BEDD3 /* QuartzCore.framework */ = {isa = PBXFileReference; lastKnownFileType = wrapper.framework; name = QuartzCore.framework; path = Platforms/iPhoneOS.platform/Developer/SDKs/iPhoneOS4.3.sdk/System/Library/Frameworks/QuartzCore.framework; sourceTree = DEVELOPER_DIR; };
		D479706E141D4B5E00950E53 /* AudioToolbox.framework */ = {isa = PBXFileReference; lastKnownFileType = wrapper.framework; name = AudioToolbox.framework; path = Platforms/iPhoneOS.platform/Developer/SDKs/iPhoneOS4.3.sdk/System/Library/Frameworks/AudioToolbox.framework; sourceTree = DEVELOPER_DIR; };
		D4797072141D530900950E53 /* MessageUI.framework */ = {isa = PBXFileReference; lastKnownFileType = wrapper.framework; name = MessageUI.framework; path = Platforms/iPhoneOS.platform/Developer/SDKs/iPhoneOS4.3.sdk/System/Library/Frameworks/MessageUI.framework; sourceTree = DEVELOPER_DIR; };
		D47CD777142FACBE0024C677 /* LIOGrayButton.png */ = {isa = PBXFileReference; lastKnownFileType = image.png; path = LIOGrayButton.png; sourceTree = "<group>"; };
		D47CD778142FACBE0024C677 /* LIOGreenButton.png */ = {isa = PBXFileReference; lastKnownFileType = image.png; path = LIOGreenButton.png; sourceTree = "<group>"; };
		D47CD77B142FB0E20024C677 /* LIOGrayButton@2x.png */ = {isa = PBXFileReference; lastKnownFileType = image.png; path = "LIOGrayButton@2x.png"; sourceTree = "<group>"; };
		D47CD77C142FB0E20024C677 /* LIOGreenButton@2x.png */ = {isa = PBXFileReference; lastKnownFileType = image.png; path = "LIOGreenButton@2x.png"; sourceTree = "<group>"; };
		D47CD77D142FB0E20024C677 /* LIOSettingsButton.png */ = {isa = PBXFileReference; lastKnownFileType = image.png; path = LIOSettingsButton.png; sourceTree = "<group>"; };
		D47CD77E142FB0E20024C677 /* LIOSettingsButton@2x.png */ = {isa = PBXFileReference; lastKnownFileType = image.png; path = "LIOSettingsButton@2x.png"; sourceTree = "<group>"; };
		D48ABF1B1404698400835205 /* libLookIO.a */ = {isa = PBXFileReference; lastKnownFileType = archive.ar; name = libLookIO.a; path = "build/Release-iphoneos/libLookIO.a"; sourceTree = "<group>"; };
		D48ABF1C1404698400835205 /* CFNetwork.framework */ = {isa = PBXFileReference; lastKnownFileType = wrapper.framework; name = CFNetwork.framework; path = Platforms/iPhoneOS.platform/Developer/SDKs/iPhoneOS4.3.sdk/System/Library/Frameworks/CFNetwork.framework; sourceTree = DEVELOPER_DIR; };
		D4B41D3114086D1D00B73C84 /* LTBBookFlightsViewController.h */ = {isa = PBXFileReference; fileEncoding = 4; lastKnownFileType = sourcecode.c.h; path = LTBBookFlightsViewController.h; sourceTree = "<group>"; };
		D4B41D3214086D1D00B73C84 /* LTBBookFlightsViewController.m */ = {isa = PBXFileReference; fileEncoding = 4; lastKnownFileType = sourcecode.c.objc; path = LTBBookFlightsViewController.m; sourceTree = "<group>"; };
		D4B41D351408774800B73C84 /* TravelocityFlightDetail.png */ = {isa = PBXFileReference; lastKnownFileType = image.png; path = TravelocityFlightDetail.png; sourceTree = "<group>"; };
		D4B41D361408774800B73C84 /* TravelocityFlightDetail@2x.png */ = {isa = PBXFileReference; lastKnownFileType = image.png; path = "TravelocityFlightDetail@2x.png"; sourceTree = "<group>"; };
		D4B41D3E140986AE00B73C84 /* ControlButton.png */ = {isa = PBXFileReference; lastKnownFileType = image.png; path = ControlButton.png; sourceTree = "<group>"; };
		D4B41D3F140986AE00B73C84 /* ControlButton@2x.png */ = {isa = PBXFileReference; lastKnownFileType = image.png; path = "ControlButton@2x.png"; sourceTree = "<group>"; };
		D4B41D55140AC2B800B73C84 /* LookIOConnect.caf */ = {isa = PBXFileReference; lastKnownFileType = file; path = LookIOConnect.caf; sourceTree = "<group>"; };
		D4B41D56140AC2B800B73C84 /* LookIODing.caf */ = {isa = PBXFileReference; lastKnownFileType = file; path = LookIODing.caf; sourceTree = "<group>"; };
/* End PBXFileReference section */

/* Begin PBXFrameworksBuildPhase section */
		D44DD7BC14044915004374FE /* Frameworks */ = {
			isa = PBXFrameworksBuildPhase;
			buildActionMask = 2147483647;
			files = (
				D4797073141D530900950E53 /* MessageUI.framework in Frameworks */,
				D479706F141D4B5E00950E53 /* AudioToolbox.framework in Frameworks */,
				D462A3F3140DB4CA006BEDD3 /* QuartzCore.framework in Frameworks */,
				D48ABF1D1404698400835205 /* libLookIO.a in Frameworks */,
				D48ABF1E1404698400835205 /* CFNetwork.framework in Frameworks */,
				D44DD7C414044915004374FE /* UIKit.framework in Frameworks */,
				D44DD7C614044915004374FE /* Foundation.framework in Frameworks */,
				D44DD7C814044915004374FE /* CoreGraphics.framework in Frameworks */,
			);
			runOnlyForDeploymentPostprocessing = 0;
		};
/* End PBXFrameworksBuildPhase section */

/* Begin PBXGroup section */
		D44DD7C014044915004374FE /* Products */ = {
			isa = PBXGroup;
			children = (
				D44DD7BF14044915004374FE /* Testbed.app */,
			);
			name = Products;
			sourceTree = "<group>";
		};
		D44DD7C214044915004374FE /* Frameworks */ = {
			isa = PBXGroup;
			children = (
				D4797072141D530900950E53 /* MessageUI.framework */,
				D479706E141D4B5E00950E53 /* AudioToolbox.framework */,
				D462A3F2140DB4CA006BEDD3 /* QuartzCore.framework */,
				D48ABF1C1404698400835205 /* CFNetwork.framework */,
				D48ABF1B1404698400835205 /* libLookIO.a */,
				D44DD7C314044915004374FE /* UIKit.framework */,
				D44DD7C514044915004374FE /* Foundation.framework */,
				D44DD7C714044915004374FE /* CoreGraphics.framework */,
			);
			name = Frameworks;
			sourceTree = "<group>";
		};
		D44DD7F714044966004374FE /* Resources */ = {
			isa = PBXGroup;
			children = (
				D4B41D4A140ABC8E00B73C84 /* Sounds */,
				D44DD7F814044966004374FE /* Images */,
				D44DD80914044966004374FE /* Property Lists */,
			);
			name = Resources;
			path = Testbed/Resources;
			sourceTree = "<group>";
		};
		D44DD7F814044966004374FE /* Images */ = {
			isa = PBXGroup;
			children = (
				CDB6AFC014464ED6007BF92D /* LIOFullLogo.png */,
				CDB6AFC114464ED6007BF92D /* LIOFullLogo@2x.png */,
				D47CD77B142FB0E20024C677 /* LIOGrayButton@2x.png */,
				D47CD77C142FB0E20024C677 /* LIOGreenButton@2x.png */,
				D47CD77D142FB0E20024C677 /* LIOSettingsButton.png */,
				D47CD77E142FB0E20024C677 /* LIOSettingsButton@2x.png */,
				D47CD777142FACBE0024C677 /* LIOGrayButton.png */,
				D47CD778142FACBE0024C677 /* LIOGreenButton.png */,
				D416C512141411F600D3509B /* LIOInputBar.png */,
				D4B41D3E140986AE00B73C84 /* ControlButton.png */,
				D4B41D3F140986AE00B73C84 /* ControlButton@2x.png */,
				D4B41D351408774800B73C84 /* TravelocityFlightDetail.png */,
				D4B41D361408774800B73C84 /* TravelocityFlightDetail@2x.png */,
				D44DD7F914044966004374FE /* ClickIndicator.png */,
				D44DD7FA14044966004374FE /* ClickIndicator@2x.png */,
				D44DD7FB14044966004374FE /* DefaultTouch.png */,
				D44DD7FC14044966004374FE /* DefaultTouch@2x.png */,
				D44DD7FD14044966004374FE /* DefaultTouchOrange.png */,
				D44DD7FE14044966004374FE /* DefaultTouchOrange@2x.png */,
				D44DD7FF14044966004374FE /* HelpButton.png */,
				D44DD80014044966004374FE /* HelpButton@2x.png */,
				D44DD80114044966004374FE /* LookIOLogo.png */,
				D44DD80214044966004374FE /* LookIOLogo@2x.png */,
				D44DD80314044966004374FE /* TalkButton.png */,
				D44DD80414044966004374FE /* TalkButton@2x.png */,
				D44DD80514044966004374FE /* TravelocityHotelDetail.png */,
				D44DD80614044966004374FE /* TravelocityHotelDetail@2x.png */,
				D44DD80714044966004374FE /* TravelocityMain.png */,
				D44DD80814044966004374FE /* TravelocityMain@2x.png */,
			);
			path = Images;
			sourceTree = "<group>";
		};
		D44DD80914044966004374FE /* Property Lists */ = {
			isa = PBXGroup;
			children = (
				D44DD80A14044966004374FE /* Testbed-Info.plist */,
			);
			path = "Property Lists";
			sourceTree = "<group>";
		};
		D44DD80B14044966004374FE /* Source */ = {
			isa = PBXGroup;
			children = (
				D44DD80C14044966004374FE /* LTBAppDelegate.h */,
				D44DD80D14044966004374FE /* LTBAppDelegate.m */,
				D44DD80E14044966004374FE /* LTBBookHotelsViewController.h */,
				D44DD80F14044966004374FE /* LTBBookHotelsViewController.m */,
				D44DD81014044966004374FE /* LTBMainViewController.h */,
				D44DD81114044966004374FE /* LTBMainViewController.m */,
				D44DD81214044966004374FE /* main.m */,
				D4B41D3114086D1D00B73C84 /* LTBBookFlightsViewController.h */,
				D4B41D3214086D1D00B73C84 /* LTBBookFlightsViewController.m */,
			);
			name = Source;
			path = Testbed/Source;
			sourceTree = "<group>";
		};
		D4AF9993140425EC00613B8E = {
			isa = PBXGroup;
			children = (
				D44DD7F714044966004374FE /* Resources */,
				D44DD80B14044966004374FE /* Source */,
				D44DD7C214044915004374FE /* Frameworks */,
				D44DD7C014044915004374FE /* Products */,
			);
			sourceTree = "<group>";
		};
		D4B41D4A140ABC8E00B73C84 /* Sounds */ = {
			isa = PBXGroup;
			children = (
				D4B41D55140AC2B800B73C84 /* LookIOConnect.caf */,
				D4B41D56140AC2B800B73C84 /* LookIODing.caf */,
			);
			path = Sounds;
			sourceTree = "<group>";
		};
/* End PBXGroup section */

/* Begin PBXNativeTarget section */
		D44DD7BE14044915004374FE /* Testbed */ = {
			isa = PBXNativeTarget;
			buildConfigurationList = D44DD7E014044915004374FE /* Build configuration list for PBXNativeTarget "Testbed" */;
			buildPhases = (
				D44DD7BB14044915004374FE /* Sources */,
				D44DD7BC14044915004374FE /* Frameworks */,
				D44DD7BD14044915004374FE /* Resources */,
			);
			buildRules = (
			);
			dependencies = (
			);
			name = Testbed;
			productName = Testbed;
			productReference = D44DD7BF14044915004374FE /* Testbed.app */;
			productType = "com.apple.product-type.application";
		};
/* End PBXNativeTarget section */

/* Begin PBXProject section */
		D4AF9995140425EC00613B8E /* Project object */ = {
			isa = PBXProject;
			attributes = {
				LastUpgradeCheck = 0420;
			};
			buildConfigurationList = D4AF9998140425EC00613B8E /* Build configuration list for PBXProject "Testbed" */;
			compatibilityVersion = "Xcode 3.2";
			developmentRegion = English;
			hasScannedForEncodings = 0;
			knownRegions = (
				en,
			);
			mainGroup = D4AF9993140425EC00613B8E;
			productRefGroup = D44DD7C014044915004374FE /* Products */;
			projectDirPath = "";
			projectRoot = "";
			targets = (
				D44DD7BE14044915004374FE /* Testbed */,
			);
		};
/* End PBXProject section */

/* Begin PBXResourcesBuildPhase section */
		D44DD7BD14044915004374FE /* Resources */ = {
			isa = PBXResourcesBuildPhase;
			buildActionMask = 2147483647;
			files = (
				D44DD81B14044966004374FE /* ClickIndicator.png in Resources */,
				D44DD81C14044966004374FE /* ClickIndicator@2x.png in Resources */,
				D44DD81D14044966004374FE /* DefaultTouch.png in Resources */,
				D44DD81E14044966004374FE /* DefaultTouch@2x.png in Resources */,
				D44DD81F14044966004374FE /* DefaultTouchOrange.png in Resources */,
				D44DD82014044966004374FE /* DefaultTouchOrange@2x.png in Resources */,
				D44DD82114044966004374FE /* HelpButton.png in Resources */,
				D44DD82214044966004374FE /* HelpButton@2x.png in Resources */,
				D44DD82314044966004374FE /* LookIOLogo.png in Resources */,
				D44DD82414044966004374FE /* LookIOLogo@2x.png in Resources */,
				D44DD82514044966004374FE /* TalkButton.png in Resources */,
				D44DD82614044966004374FE /* TalkButton@2x.png in Resources */,
				D44DD82714044966004374FE /* TravelocityHotelDetail.png in Resources */,
				D44DD82814044966004374FE /* TravelocityHotelDetail@2x.png in Resources */,
				D44DD82914044966004374FE /* TravelocityMain.png in Resources */,
				D44DD82A14044966004374FE /* TravelocityMain@2x.png in Resources */,
				D4B41D371408774800B73C84 /* TravelocityFlightDetail.png in Resources */,
				D4B41D381408774800B73C84 /* TravelocityFlightDetail@2x.png in Resources */,
				D4B41D40140986AE00B73C84 /* ControlButton.png in Resources */,
				D4B41D41140986AE00B73C84 /* ControlButton@2x.png in Resources */,
				D4B41D57140AC2B900B73C84 /* LookIOConnect.caf in Resources */,
				D4B41D58140AC2B900B73C84 /* LookIODing.caf in Resources */,
				D416C513141411F600D3509B /* LIOInputBar.png in Resources */,
				D47CD779142FACBE0024C677 /* LIOGrayButton.png in Resources */,
				D47CD77A142FACBE0024C677 /* LIOGreenButton.png in Resources */,
				D47CD77F142FB0E20024C677 /* LIOGrayButton@2x.png in Resources */,
				D47CD780142FB0E20024C677 /* LIOGreenButton@2x.png in Resources */,
				D47CD781142FB0E20024C677 /* LIOSettingsButton.png in Resources */,
				D47CD782142FB0E20024C677 /* LIOSettingsButton@2x.png in Resources */,
				CDB6AFC214464ED6007BF92D /* LIOFullLogo.png in Resources */,
				CDB6AFC314464ED6007BF92D /* LIOFullLogo@2x.png in Resources */,
			);
			runOnlyForDeploymentPostprocessing = 0;
		};
/* End PBXResourcesBuildPhase section */

/* Begin PBXSourcesBuildPhase section */
		D44DD7BB14044915004374FE /* Sources */ = {
			isa = PBXSourcesBuildPhase;
			buildActionMask = 2147483647;
			files = (
				D44DD82C14044966004374FE /* LTBAppDelegate.m in Sources */,
				D44DD82D14044966004374FE /* LTBBookHotelsViewController.m in Sources */,
				D44DD82E14044966004374FE /* LTBMainViewController.m in Sources */,
				D44DD82F14044966004374FE /* main.m in Sources */,
				D4B41D3314086D1D00B73C84 /* LTBBookFlightsViewController.m in Sources */,
			);
			runOnlyForDeploymentPostprocessing = 0;
		};
/* End PBXSourcesBuildPhase section */

/* Begin XCBuildConfiguration section */
		D44DD7DE14044915004374FE /* Debug */ = {
			isa = XCBuildConfiguration;
			buildSettings = {
				ALWAYS_SEARCH_USER_PATHS = NO;
				ARCHS = "$(ARCHS_STANDARD_32_BIT)";
				"CODE_SIGN_IDENTITY[sdk=iphoneos*]" = "iPhone Developer";
				COPY_PHASE_STRIP = NO;
				GCC_C_LANGUAGE_STANDARD = gnu99;
				GCC_DYNAMIC_NO_PIC = NO;
				GCC_OPTIMIZATION_LEVEL = 0;
				GCC_PREPROCESSOR_DEFINITIONS = (
					"DEBUG=1",
					"$(inherited)",
				);
				GCC_SYMBOLS_PRIVATE_EXTERN = NO;
				GCC_WARN_ABOUT_MISSING_PROTOTYPES = YES;
				GCC_WARN_ABOUT_RETURN_TYPE = YES;
				GCC_WARN_UNUSED_VARIABLE = YES;
				HEADER_SEARCH_PATHS = LookIO/Source;
				INFOPLIST_FILE = "Testbed/Resources/Property Lists/Testbed-Info.plist";
				IPHONEOS_DEPLOYMENT_TARGET = 4.3;
				OTHER_LDFLAGS = "-ObjC";
				PRODUCT_NAME = "$(TARGET_NAME)";
				SDKROOT = iphoneos;
				TARGETED_DEVICE_FAMILY = "1,2";
				WRAPPER_EXTENSION = app;
			};
			name = Debug;
		};
		D44DD7DF14044915004374FE /* Release */ = {
			isa = XCBuildConfiguration;
			buildSettings = {
				ALWAYS_SEARCH_USER_PATHS = NO;
				ARCHS = "$(ARCHS_STANDARD_32_BIT)";
				"CODE_SIGN_IDENTITY[sdk=iphoneos*]" = "iPhone Developer";
				COPY_PHASE_STRIP = YES;
				GCC_C_LANGUAGE_STANDARD = gnu99;
				GCC_WARN_ABOUT_MISSING_PROTOTYPES = YES;
				GCC_WARN_ABOUT_RETURN_TYPE = YES;
				GCC_WARN_UNUSED_VARIABLE = YES;
				HEADER_SEARCH_PATHS = LookIO/Source;
				INFOPLIST_FILE = "Testbed/Resources/Property Lists/Testbed-Info.plist";
				IPHONEOS_DEPLOYMENT_TARGET = 4.3;
				OTHER_CFLAGS = "-DNS_BLOCK_ASSERTIONS=1";
				OTHER_LDFLAGS = "-ObjC";
				PRODUCT_NAME = "$(TARGET_NAME)";
				SDKROOT = iphoneos;
				TARGETED_DEVICE_FAMILY = "1,2";
				VALIDATE_PRODUCT = YES;
				WRAPPER_EXTENSION = app;
			};
			name = Release;
		};
		D4AF999A140425EC00613B8E /* Debug */ = {
			isa = XCBuildConfiguration;
			buildSettings = {
				GCC_VERSION = com.apple.compilers.llvm.clang.1_0;
			};
			name = Debug;
		};
		D4AF999B140425EC00613B8E /* Release */ = {
			isa = XCBuildConfiguration;
			buildSettings = {
				GCC_VERSION = com.apple.compilers.llvm.clang.1_0;
			};
			name = Release;
		};
/* End XCBuildConfiguration section */

/* Begin XCConfigurationList section */
		D44DD7E014044915004374FE /* Build configuration list for PBXNativeTarget "Testbed" */ = {
			isa = XCConfigurationList;
			buildConfigurations = (
				D44DD7DE14044915004374FE /* Debug */,
				D44DD7DF14044915004374FE /* Release */,
			);
			defaultConfigurationIsVisible = 0;
			defaultConfigurationName = Release;
		};
		D4AF9998140425EC00613B8E /* Build configuration list for PBXProject "Testbed" */ = {
			isa = XCConfigurationList;
			buildConfigurations = (
				D4AF999A140425EC00613B8E /* Debug */,
				D4AF999B140425EC00613B8E /* Release */,
			);
			defaultConfigurationIsVisible = 0;
			defaultConfigurationName = Release;
		};
/* End XCConfigurationList section */
	};
	rootObject = D4AF9995140425EC00613B8E /* Project object */;
}
