// !$*UTF8*$!
{
	archiveVersion = 1;
	classes = {
	};
	objectVersion = 46;
	objects = {

/* Begin PBXBuildFile section */
		D403F7881523CEBA00101941 /* LIOInterstitialViewController.h in Headers */ = {isa = PBXBuildFile; fileRef = D403F7861523CEBA00101941 /* LIOInterstitialViewController.h */; };
		D403F7891523CEBA00101941 /* LIOInterstitialViewController.m in Sources */ = {isa = PBXBuildFile; fileRef = D403F7871523CEBA00101941 /* LIOInterstitialViewController.m */; };
		D463F3FB1506FDAB00A7FD7F /* LIODismissalBarView.h in Headers */ = {isa = PBXBuildFile; fileRef = D463F3F91506FDAB00A7FD7F /* LIODismissalBarView.h */; };
		D463F3FC1506FDAB00A7FD7F /* LIODismissalBarView.m in Sources */ = {isa = PBXBuildFile; fileRef = D463F3FA1506FDAB00A7FD7F /* LIODismissalBarView.m */; };
		D486D6EB151BC1DE007C9AF8 /* TTTAttributedLabel.h in Headers */ = {isa = PBXBuildFile; fileRef = D486D6E9151BC1DE007C9AF8 /* TTTAttributedLabel.h */; };
		D486D6EC151BC1DE007C9AF8 /* TTTAttributedLabel.m in Sources */ = {isa = PBXBuildFile; fileRef = D486D6EA151BC1DE007C9AF8 /* TTTAttributedLabel.m */; };
		D486D7071520EBEA007C9AF8 /* LIOBundleManager.h in Headers */ = {isa = PBXBuildFile; fileRef = D486D7051520EBEA007C9AF8 /* LIOBundleManager.h */; };
		D486D7081520EBEA007C9AF8 /* LIOBundleManager.m in Sources */ = {isa = PBXBuildFile; fileRef = D486D7061520EBEA007C9AF8 /* LIOBundleManager.m */; };
		D486D7281521303B007C9AF8 /* ioapi.c in Sources */ = {isa = PBXBuildFile; fileRef = D486D7151521303B007C9AF8 /* ioapi.c */; };
		D486D7291521303B007C9AF8 /* ioapi.h in Headers */ = {isa = PBXBuildFile; fileRef = D486D7161521303B007C9AF8 /* ioapi.h */; };
		D486D72A1521303B007C9AF8 /* mztools.c in Sources */ = {isa = PBXBuildFile; fileRef = D486D7171521303B007C9AF8 /* mztools.c */; };
		D486D72B1521303B007C9AF8 /* mztools.h in Headers */ = {isa = PBXBuildFile; fileRef = D486D7181521303B007C9AF8 /* mztools.h */; };
		D486D72C1521303B007C9AF8 /* unzip.c in Sources */ = {isa = PBXBuildFile; fileRef = D486D7191521303B007C9AF8 /* unzip.c */; };
		D486D72D1521303B007C9AF8 /* unzip.h in Headers */ = {isa = PBXBuildFile; fileRef = D486D71A1521303B007C9AF8 /* unzip.h */; };
		D486D72E1521303B007C9AF8 /* zip.c in Sources */ = {isa = PBXBuildFile; fileRef = D486D71B1521303B007C9AF8 /* zip.c */; };
		D486D72F1521303B007C9AF8 /* zip.h in Headers */ = {isa = PBXBuildFile; fileRef = D486D71C1521303B007C9AF8 /* zip.h */; };
		D486D7301521303B007C9AF8 /* FileInZipInfo.h in Headers */ = {isa = PBXBuildFile; fileRef = D486D71E1521303B007C9AF8 /* FileInZipInfo.h */; };
		D486D7311521303B007C9AF8 /* FileInZipInfo.m in Sources */ = {isa = PBXBuildFile; fileRef = D486D71F1521303B007C9AF8 /* FileInZipInfo.m */; };
		D486D7321521303B007C9AF8 /* ZipException.h in Headers */ = {isa = PBXBuildFile; fileRef = D486D7201521303B007C9AF8 /* ZipException.h */; };
		D486D7331521303B007C9AF8 /* ZipException.m in Sources */ = {isa = PBXBuildFile; fileRef = D486D7211521303B007C9AF8 /* ZipException.m */; };
		D486D7341521303B007C9AF8 /* ZipFile.h in Headers */ = {isa = PBXBuildFile; fileRef = D486D7221521303B007C9AF8 /* ZipFile.h */; };
		D486D7351521303B007C9AF8 /* ZipFile.m in Sources */ = {isa = PBXBuildFile; fileRef = D486D7231521303B007C9AF8 /* ZipFile.m */; };
		D486D7361521303B007C9AF8 /* ZipReadStream.h in Headers */ = {isa = PBXBuildFile; fileRef = D486D7241521303B007C9AF8 /* ZipReadStream.h */; };
		D486D7371521303B007C9AF8 /* ZipReadStream.m in Sources */ = {isa = PBXBuildFile; fileRef = D486D7251521303B007C9AF8 /* ZipReadStream.m */; };
		D486D7381521303B007C9AF8 /* ZipWriteStream.h in Headers */ = {isa = PBXBuildFile; fileRef = D486D7261521303B007C9AF8 /* ZipWriteStream.h */; };
		D486D7391521303B007C9AF8 /* ZipWriteStream.m in Sources */ = {isa = PBXBuildFile; fileRef = D486D7271521303B007C9AF8 /* ZipWriteStream.m */; };
		D4ADC7A414F3211800713F29 /* LIOAboutViewController.h in Headers */ = {isa = PBXBuildFile; fileRef = D4ADC79C14F3211800713F29 /* LIOAboutViewController.h */; };
		D4ADC7A514F3211800713F29 /* LIOAboutViewController.m in Sources */ = {isa = PBXBuildFile; fileRef = D4ADC79D14F3211800713F29 /* LIOAboutViewController.m */; };
		D4ADC7A614F3211800713F29 /* LIOAltChatViewController.h in Headers */ = {isa = PBXBuildFile; fileRef = D4ADC79E14F3211800713F29 /* LIOAltChatViewController.h */; };
		D4ADC7A714F3211800713F29 /* LIOAltChatViewController.m in Sources */ = {isa = PBXBuildFile; fileRef = D4ADC79F14F3211800713F29 /* LIOAltChatViewController.m */; };
		D4ADC7A814F3211800713F29 /* LIOEmailHistoryViewController.h in Headers */ = {isa = PBXBuildFile; fileRef = D4ADC7A014F3211800713F29 /* LIOEmailHistoryViewController.h */; };
		D4ADC7A914F3211800713F29 /* LIOEmailHistoryViewController.m in Sources */ = {isa = PBXBuildFile; fileRef = D4ADC7A114F3211800713F29 /* LIOEmailHistoryViewController.m */; };
		D4ADC7AA14F3211800713F29 /* LIOLeaveMessageViewController.h in Headers */ = {isa = PBXBuildFile; fileRef = D4ADC7A214F3211800713F29 /* LIOLeaveMessageViewController.h */; };
		D4ADC7AB14F3211800713F29 /* LIOLeaveMessageViewController.m in Sources */ = {isa = PBXBuildFile; fileRef = D4ADC7A314F3211800713F29 /* LIOLeaveMessageViewController.m */; };
		D4ADC7B014F3215A00713F29 /* LIOAnalyticsManager.h in Headers */ = {isa = PBXBuildFile; fileRef = D4ADC7AC14F3215900713F29 /* LIOAnalyticsManager.h */; };
		D4ADC7B114F3215A00713F29 /* LIOAnalyticsManager.m in Sources */ = {isa = PBXBuildFile; fileRef = D4ADC7AD14F3215900713F29 /* LIOAnalyticsManager.m */; };
		D4ADC7B214F3215A00713F29 /* LIOLookIOManager.h in Headers */ = {isa = PBXBuildFile; fileRef = D4ADC7AE14F3215900713F29 /* LIOLookIOManager.h */; };
		D4ADC7B314F3215A00713F29 /* LIOLookIOManager.m in Sources */ = {isa = PBXBuildFile; fileRef = D4ADC7AF14F3215900713F29 /* LIOLookIOManager.m */; };
		D4ADC7B814F3218300713F29 /* LIOChatMessage.h in Headers */ = {isa = PBXBuildFile; fileRef = D4ADC7B414F3218300713F29 /* LIOChatMessage.h */; };
		D4ADC7B914F3218300713F29 /* LIOChatMessage.m in Sources */ = {isa = PBXBuildFile; fileRef = D4ADC7B514F3218300713F29 /* LIOChatMessage.m */; };
		D4ADC7BA14F3218300713F29 /* LIOTimerProxy.h in Headers */ = {isa = PBXBuildFile; fileRef = D4ADC7B614F3218300713F29 /* LIOTimerProxy.h */; };
		D4ADC7BB14F3218300713F29 /* LIOTimerProxy.m in Sources */ = {isa = PBXBuildFile; fileRef = D4ADC7B714F3218300713F29 /* LIOTimerProxy.m */; };
		D4ADC7CC14F322B500713F29 /* LIOChatBubbleView.h in Headers */ = {isa = PBXBuildFile; fileRef = D4ADC7BE14F322B500713F29 /* LIOChatBubbleView.h */; };
		D4ADC7CD14F322B500713F29 /* LIOChatBubbleView.m in Sources */ = {isa = PBXBuildFile; fileRef = D4ADC7BF14F322B500713F29 /* LIOChatBubbleView.m */; };
		D4ADC7CE14F322B500713F29 /* LIOControlButtonView.h in Headers */ = {isa = PBXBuildFile; fileRef = D4ADC7C014F322B500713F29 /* LIOControlButtonView.h */; };
		D4ADC7CF14F322B500713F29 /* LIOControlButtonView.m in Sources */ = {isa = PBXBuildFile; fileRef = D4ADC7C114F322B500713F29 /* LIOControlButtonView.m */; };
		D4ADC7D014F322B500713F29 /* LIOHeaderBarView.h in Headers */ = {isa = PBXBuildFile; fileRef = D4ADC7C214F322B500713F29 /* LIOHeaderBarView.h */; };
		D4ADC7D114F322B500713F29 /* LIOHeaderBarView.m in Sources */ = {isa = PBXBuildFile; fileRef = D4ADC7C314F322B500713F29 /* LIOHeaderBarView.m */; };
		D4ADC7D214F322B500713F29 /* LIOInputBarView.h in Headers */ = {isa = PBXBuildFile; fileRef = D4ADC7C414F322B500713F29 /* LIOInputBarView.h */; };
		D4ADC7D314F322B500713F29 /* LIOInputBarView.m in Sources */ = {isa = PBXBuildFile; fileRef = D4ADC7C514F322B500713F29 /* LIOInputBarView.m */; };
		D4ADC7ED14F322C300713F29 /* AsyncSocket.h in Headers */ = {isa = PBXBuildFile; fileRef = D4ADC7DA14F322C300713F29 /* AsyncSocket.h */; };
		D4ADC7EE14F322C300713F29 /* AsyncSocket.m in Sources */ = {isa = PBXBuildFile; fileRef = D4ADC7DB14F322C300713F29 /* AsyncSocket.m */; };
		D4ADC7EF14F322C300713F29 /* NSData+Base64.h in Headers */ = {isa = PBXBuildFile; fileRef = D4ADC7DD14F322C300713F29 /* NSData+Base64.h */; };
		D4ADC7F014F322C300713F29 /* NSData+Base64.m in Sources */ = {isa = PBXBuildFile; fileRef = D4ADC7DE14F322C300713F29 /* NSData+Base64.m */; };
		D4ADC7F114F322C300713F29 /* JSON.h in Headers */ = {isa = PBXBuildFile; fileRef = D4ADC7E014F322C300713F29 /* JSON.h */; };
		D4ADC7F214F322C300713F29 /* NSObject+SBJSON.h in Headers */ = {isa = PBXBuildFile; fileRef = D4ADC7E114F322C300713F29 /* NSObject+SBJSON.h */; };
		D4ADC7F314F322C300713F29 /* NSObject+SBJSON.m in Sources */ = {isa = PBXBuildFile; fileRef = D4ADC7E214F322C300713F29 /* NSObject+SBJSON.m */; };
		D4ADC7F414F322C300713F29 /* NSString+SBJSON.h in Headers */ = {isa = PBXBuildFile; fileRef = D4ADC7E314F322C300713F29 /* NSString+SBJSON.h */; };
		D4ADC7F514F322C300713F29 /* NSString+SBJSON.m in Sources */ = {isa = PBXBuildFile; fileRef = D4ADC7E414F322C300713F29 /* NSString+SBJSON.m */; };
		D4ADC7F614F322C300713F29 /* SBJSON.h in Headers */ = {isa = PBXBuildFile; fileRef = D4ADC7E514F322C300713F29 /* SBJSON.h */; };
		D4ADC7F714F322C300713F29 /* SBJSON.m in Sources */ = {isa = PBXBuildFile; fileRef = D4ADC7E614F322C300713F29 /* SBJSON.m */; };
		D4ADC7F814F322C300713F29 /* SBJsonBase.h in Headers */ = {isa = PBXBuildFile; fileRef = D4ADC7E714F322C300713F29 /* SBJsonBase.h */; };
		D4ADC7F914F322C300713F29 /* SBJsonBase.m in Sources */ = {isa = PBXBuildFile; fileRef = D4ADC7E814F322C300713F29 /* SBJsonBase.m */; };
		D4ADC7FA14F322C300713F29 /* SBJsonParser.h in Headers */ = {isa = PBXBuildFile; fileRef = D4ADC7E914F322C300713F29 /* SBJsonParser.h */; };
		D4ADC7FB14F322C300713F29 /* SBJsonParser.m in Sources */ = {isa = PBXBuildFile; fileRef = D4ADC7EA14F322C300713F29 /* SBJsonParser.m */; };
		D4ADC7FC14F322C300713F29 /* SBJsonWriter.h in Headers */ = {isa = PBXBuildFile; fileRef = D4ADC7EB14F322C300713F29 /* SBJsonWriter.h */; };
		D4ADC7FD14F322C300713F29 /* SBJsonWriter.m in Sources */ = {isa = PBXBuildFile; fileRef = D4ADC7EC14F322C300713F29 /* SBJsonWriter.m */; };
/* End PBXBuildFile section */

/* Begin PBXFileReference section */
		D403F7861523CEBA00101941 /* LIOInterstitialViewController.h */ = {isa = PBXFileReference; fileEncoding = 4; lastKnownFileType = sourcecode.c.h; name = LIOInterstitialViewController.h; path = Source/Controllers/LIOInterstitialViewController.h; sourceTree = "<group>"; };
		D403F7871523CEBA00101941 /* LIOInterstitialViewController.m */ = {isa = PBXFileReference; fileEncoding = 4; lastKnownFileType = sourcecode.c.objc; name = LIOInterstitialViewController.m; path = Source/Controllers/LIOInterstitialViewController.m; sourceTree = "<group>"; };
		D463F3F91506FDAB00A7FD7F /* LIODismissalBarView.h */ = {isa = PBXFileReference; fileEncoding = 4; lastKnownFileType = sourcecode.c.h; name = LIODismissalBarView.h; path = Source/Views/LIODismissalBarView.h; sourceTree = "<group>"; };
		D463F3FA1506FDAB00A7FD7F /* LIODismissalBarView.m */ = {isa = PBXFileReference; fileEncoding = 4; lastKnownFileType = sourcecode.c.objc; name = LIODismissalBarView.m; path = Source/Views/LIODismissalBarView.m; sourceTree = "<group>"; };
		D486D6E9151BC1DE007C9AF8 /* TTTAttributedLabel.h */ = {isa = PBXFileReference; fileEncoding = 4; lastKnownFileType = sourcecode.c.h; path = TTTAttributedLabel.h; sourceTree = "<group>"; };
		D486D6EA151BC1DE007C9AF8 /* TTTAttributedLabel.m */ = {isa = PBXFileReference; fileEncoding = 4; lastKnownFileType = sourcecode.c.objc; path = TTTAttributedLabel.m; sourceTree = "<group>"; };
		D486D7051520EBEA007C9AF8 /* LIOBundleManager.h */ = {isa = PBXFileReference; fileEncoding = 4; lastKnownFileType = sourcecode.c.h; name = LIOBundleManager.h; path = Source/Managers/LIOBundleManager.h; sourceTree = "<group>"; };
		D486D7061520EBEA007C9AF8 /* LIOBundleManager.m */ = {isa = PBXFileReference; fileEncoding = 4; lastKnownFileType = sourcecode.c.objc; name = LIOBundleManager.m; path = Source/Managers/LIOBundleManager.m; sourceTree = "<group>"; };
		D486D7151521303B007C9AF8 /* ioapi.c */ = {isa = PBXFileReference; fileEncoding = 4; lastKnownFileType = sourcecode.c.c; path = ioapi.c; sourceTree = "<group>"; };
		D486D7161521303B007C9AF8 /* ioapi.h */ = {isa = PBXFileReference; fileEncoding = 4; lastKnownFileType = sourcecode.c.h; path = ioapi.h; sourceTree = "<group>"; };
		D486D7171521303B007C9AF8 /* mztools.c */ = {isa = PBXFileReference; fileEncoding = 4; lastKnownFileType = sourcecode.c.c; path = mztools.c; sourceTree = "<group>"; };
		D486D7181521303B007C9AF8 /* mztools.h */ = {isa = PBXFileReference; fileEncoding = 4; lastKnownFileType = sourcecode.c.h; path = mztools.h; sourceTree = "<group>"; };
		D486D7191521303B007C9AF8 /* unzip.c */ = {isa = PBXFileReference; fileEncoding = 4; lastKnownFileType = sourcecode.c.c; path = unzip.c; sourceTree = "<group>"; };
		D486D71A1521303B007C9AF8 /* unzip.h */ = {isa = PBXFileReference; fileEncoding = 4; lastKnownFileType = sourcecode.c.h; path = unzip.h; sourceTree = "<group>"; };
		D486D71B1521303B007C9AF8 /* zip.c */ = {isa = PBXFileReference; fileEncoding = 4; lastKnownFileType = sourcecode.c.c; path = zip.c; sourceTree = "<group>"; };
		D486D71C1521303B007C9AF8 /* zip.h */ = {isa = PBXFileReference; fileEncoding = 4; lastKnownFileType = sourcecode.c.h; path = zip.h; sourceTree = "<group>"; };
		D486D71E1521303B007C9AF8 /* FileInZipInfo.h */ = {isa = PBXFileReference; fileEncoding = 4; lastKnownFileType = sourcecode.c.h; path = FileInZipInfo.h; sourceTree = "<group>"; };
		D486D71F1521303B007C9AF8 /* FileInZipInfo.m */ = {isa = PBXFileReference; fileEncoding = 4; lastKnownFileType = sourcecode.c.objc; path = FileInZipInfo.m; sourceTree = "<group>"; };
		D486D7201521303B007C9AF8 /* ZipException.h */ = {isa = PBXFileReference; fileEncoding = 4; lastKnownFileType = sourcecode.c.h; path = ZipException.h; sourceTree = "<group>"; };
		D486D7211521303B007C9AF8 /* ZipException.m */ = {isa = PBXFileReference; fileEncoding = 4; lastKnownFileType = sourcecode.c.objc; path = ZipException.m; sourceTree = "<group>"; };
		D486D7221521303B007C9AF8 /* ZipFile.h */ = {isa = PBXFileReference; fileEncoding = 4; lastKnownFileType = sourcecode.c.h; path = ZipFile.h; sourceTree = "<group>"; };
		D486D7231521303B007C9AF8 /* ZipFile.m */ = {isa = PBXFileReference; fileEncoding = 4; lastKnownFileType = sourcecode.c.objc; path = ZipFile.m; sourceTree = "<group>"; };
		D486D7241521303B007C9AF8 /* ZipReadStream.h */ = {isa = PBXFileReference; fileEncoding = 4; lastKnownFileType = sourcecode.c.h; path = ZipReadStream.h; sourceTree = "<group>"; };
		D486D7251521303B007C9AF8 /* ZipReadStream.m */ = {isa = PBXFileReference; fileEncoding = 4; lastKnownFileType = sourcecode.c.objc; path = ZipReadStream.m; sourceTree = "<group>"; };
		D486D7261521303B007C9AF8 /* ZipWriteStream.h */ = {isa = PBXFileReference; fileEncoding = 4; lastKnownFileType = sourcecode.c.h; path = ZipWriteStream.h; sourceTree = "<group>"; };
		D486D7271521303B007C9AF8 /* ZipWriteStream.m */ = {isa = PBXFileReference; fileEncoding = 4; lastKnownFileType = sourcecode.c.objc; path = ZipWriteStream.m; sourceTree = "<group>"; };
		D48ABEE41404607500835205 /* libLookIO.a */ = {isa = PBXFileReference; explicitFileType = archive.ar; includeInIndex = 0; path = libLookIO.a; sourceTree = BUILT_PRODUCTS_DIR; };
		D4ADC79C14F3211800713F29 /* LIOAboutViewController.h */ = {isa = PBXFileReference; fileEncoding = 4; lastKnownFileType = sourcecode.c.h; name = LIOAboutViewController.h; path = Source/Controllers/LIOAboutViewController.h; sourceTree = "<group>"; };
		D4ADC79D14F3211800713F29 /* LIOAboutViewController.m */ = {isa = PBXFileReference; fileEncoding = 4; lastKnownFileType = sourcecode.c.objc; name = LIOAboutViewController.m; path = Source/Controllers/LIOAboutViewController.m; sourceTree = "<group>"; };
		D4ADC79E14F3211800713F29 /* LIOAltChatViewController.h */ = {isa = PBXFileReference; fileEncoding = 4; lastKnownFileType = sourcecode.c.h; name = LIOAltChatViewController.h; path = Source/Controllers/LIOAltChatViewController.h; sourceTree = "<group>"; };
		D4ADC79F14F3211800713F29 /* LIOAltChatViewController.m */ = {isa = PBXFileReference; fileEncoding = 4; lastKnownFileType = sourcecode.c.objc; name = LIOAltChatViewController.m; path = Source/Controllers/LIOAltChatViewController.m; sourceTree = "<group>"; };
		D4ADC7A014F3211800713F29 /* LIOEmailHistoryViewController.h */ = {isa = PBXFileReference; fileEncoding = 4; lastKnownFileType = sourcecode.c.h; name = LIOEmailHistoryViewController.h; path = Source/Controllers/LIOEmailHistoryViewController.h; sourceTree = "<group>"; };
		D4ADC7A114F3211800713F29 /* LIOEmailHistoryViewController.m */ = {isa = PBXFileReference; fileEncoding = 4; lastKnownFileType = sourcecode.c.objc; name = LIOEmailHistoryViewController.m; path = Source/Controllers/LIOEmailHistoryViewController.m; sourceTree = "<group>"; };
		D4ADC7A214F3211800713F29 /* LIOLeaveMessageViewController.h */ = {isa = PBXFileReference; fileEncoding = 4; lastKnownFileType = sourcecode.c.h; name = LIOLeaveMessageViewController.h; path = Source/Controllers/LIOLeaveMessageViewController.h; sourceTree = "<group>"; };
		D4ADC7A314F3211800713F29 /* LIOLeaveMessageViewController.m */ = {isa = PBXFileReference; fileEncoding = 4; lastKnownFileType = sourcecode.c.objc; name = LIOLeaveMessageViewController.m; path = Source/Controllers/LIOLeaveMessageViewController.m; sourceTree = "<group>"; };
		D4ADC7AC14F3215900713F29 /* LIOAnalyticsManager.h */ = {isa = PBXFileReference; fileEncoding = 4; lastKnownFileType = sourcecode.c.h; name = LIOAnalyticsManager.h; path = Source/Managers/LIOAnalyticsManager.h; sourceTree = "<group>"; };
		D4ADC7AD14F3215900713F29 /* LIOAnalyticsManager.m */ = {isa = PBXFileReference; fileEncoding = 4; lastKnownFileType = sourcecode.c.objc; name = LIOAnalyticsManager.m; path = Source/Managers/LIOAnalyticsManager.m; sourceTree = "<group>"; };
		D4ADC7AE14F3215900713F29 /* LIOLookIOManager.h */ = {isa = PBXFileReference; fileEncoding = 4; lastKnownFileType = sourcecode.c.h; name = LIOLookIOManager.h; path = Source/Managers/LIOLookIOManager.h; sourceTree = "<group>"; };
		D4ADC7AF14F3215900713F29 /* LIOLookIOManager.m */ = {isa = PBXFileReference; fileEncoding = 4; lastKnownFileType = sourcecode.c.objc; name = LIOLookIOManager.m; path = Source/Managers/LIOLookIOManager.m; sourceTree = "<group>"; };
		D4ADC7B414F3218300713F29 /* LIOChatMessage.h */ = {isa = PBXFileReference; fileEncoding = 4; lastKnownFileType = sourcecode.c.h; name = LIOChatMessage.h; path = Source/Other/LIOChatMessage.h; sourceTree = "<group>"; };
		D4ADC7B514F3218300713F29 /* LIOChatMessage.m */ = {isa = PBXFileReference; fileEncoding = 4; lastKnownFileType = sourcecode.c.objc; name = LIOChatMessage.m; path = Source/Other/LIOChatMessage.m; sourceTree = "<group>"; };
		D4ADC7B614F3218300713F29 /* LIOTimerProxy.h */ = {isa = PBXFileReference; fileEncoding = 4; lastKnownFileType = sourcecode.c.h; name = LIOTimerProxy.h; path = Source/Other/LIOTimerProxy.h; sourceTree = "<group>"; };
		D4ADC7B714F3218300713F29 /* LIOTimerProxy.m */ = {isa = PBXFileReference; fileEncoding = 4; lastKnownFileType = sourcecode.c.objc; name = LIOTimerProxy.m; path = Source/Other/LIOTimerProxy.m; sourceTree = "<group>"; };
		D4ADC7BE14F322B500713F29 /* LIOChatBubbleView.h */ = {isa = PBXFileReference; fileEncoding = 4; lastKnownFileType = sourcecode.c.h; name = LIOChatBubbleView.h; path = Source/Views/LIOChatBubbleView.h; sourceTree = "<group>"; };
		D4ADC7BF14F322B500713F29 /* LIOChatBubbleView.m */ = {isa = PBXFileReference; fileEncoding = 4; lastKnownFileType = sourcecode.c.objc; name = LIOChatBubbleView.m; path = Source/Views/LIOChatBubbleView.m; sourceTree = "<group>"; };
		D4ADC7C014F322B500713F29 /* LIOControlButtonView.h */ = {isa = PBXFileReference; fileEncoding = 4; lastKnownFileType = sourcecode.c.h; name = LIOControlButtonView.h; path = Source/Views/LIOControlButtonView.h; sourceTree = "<group>"; };
		D4ADC7C114F322B500713F29 /* LIOControlButtonView.m */ = {isa = PBXFileReference; fileEncoding = 4; lastKnownFileType = sourcecode.c.objc; name = LIOControlButtonView.m; path = Source/Views/LIOControlButtonView.m; sourceTree = "<group>"; };
		D4ADC7C214F322B500713F29 /* LIOHeaderBarView.h */ = {isa = PBXFileReference; fileEncoding = 4; lastKnownFileType = sourcecode.c.h; name = LIOHeaderBarView.h; path = Source/Views/LIOHeaderBarView.h; sourceTree = "<group>"; };
		D4ADC7C314F322B500713F29 /* LIOHeaderBarView.m */ = {isa = PBXFileReference; fileEncoding = 4; lastKnownFileType = sourcecode.c.objc; name = LIOHeaderBarView.m; path = Source/Views/LIOHeaderBarView.m; sourceTree = "<group>"; };
		D4ADC7C414F322B500713F29 /* LIOInputBarView.h */ = {isa = PBXFileReference; fileEncoding = 4; lastKnownFileType = sourcecode.c.h; name = LIOInputBarView.h; path = Source/Views/LIOInputBarView.h; sourceTree = "<group>"; };
		D4ADC7C514F322B500713F29 /* LIOInputBarView.m */ = {isa = PBXFileReference; fileEncoding = 4; lastKnownFileType = sourcecode.c.objc; name = LIOInputBarView.m; path = Source/Views/LIOInputBarView.m; sourceTree = "<group>"; };
		D4ADC7DA14F322C300713F29 /* AsyncSocket.h */ = {isa = PBXFileReference; fileEncoding = 4; lastKnownFileType = sourcecode.c.h; path = AsyncSocket.h; sourceTree = "<group>"; };
		D4ADC7DB14F322C300713F29 /* AsyncSocket.m */ = {isa = PBXFileReference; fileEncoding = 4; lastKnownFileType = sourcecode.c.objc; path = AsyncSocket.m; sourceTree = "<group>"; };
		D4ADC7DD14F322C300713F29 /* NSData+Base64.h */ = {isa = PBXFileReference; fileEncoding = 4; lastKnownFileType = sourcecode.c.h; path = "NSData+Base64.h"; sourceTree = "<group>"; };
		D4ADC7DE14F322C300713F29 /* NSData+Base64.m */ = {isa = PBXFileReference; fileEncoding = 4; lastKnownFileType = sourcecode.c.objc; path = "NSData+Base64.m"; sourceTree = "<group>"; };
		D4ADC7E014F322C300713F29 /* JSON.h */ = {isa = PBXFileReference; fileEncoding = 4; lastKnownFileType = sourcecode.c.h; path = JSON.h; sourceTree = "<group>"; };
		D4ADC7E114F322C300713F29 /* NSObject+SBJSON.h */ = {isa = PBXFileReference; fileEncoding = 4; lastKnownFileType = sourcecode.c.h; path = "NSObject+SBJSON.h"; sourceTree = "<group>"; };
		D4ADC7E214F322C300713F29 /* NSObject+SBJSON.m */ = {isa = PBXFileReference; fileEncoding = 4; lastKnownFileType = sourcecode.c.objc; path = "NSObject+SBJSON.m"; sourceTree = "<group>"; };
		D4ADC7E314F322C300713F29 /* NSString+SBJSON.h */ = {isa = PBXFileReference; fileEncoding = 4; lastKnownFileType = sourcecode.c.h; path = "NSString+SBJSON.h"; sourceTree = "<group>"; };
		D4ADC7E414F322C300713F29 /* NSString+SBJSON.m */ = {isa = PBXFileReference; fileEncoding = 4; lastKnownFileType = sourcecode.c.objc; path = "NSString+SBJSON.m"; sourceTree = "<group>"; };
		D4ADC7E514F322C300713F29 /* SBJSON.h */ = {isa = PBXFileReference; fileEncoding = 4; lastKnownFileType = sourcecode.c.h; path = SBJSON.h; sourceTree = "<group>"; };
		D4ADC7E614F322C300713F29 /* SBJSON.m */ = {isa = PBXFileReference; fileEncoding = 4; lastKnownFileType = sourcecode.c.objc; path = SBJSON.m; sourceTree = "<group>"; };
		D4ADC7E714F322C300713F29 /* SBJsonBase.h */ = {isa = PBXFileReference; fileEncoding = 4; lastKnownFileType = sourcecode.c.h; path = SBJsonBase.h; sourceTree = "<group>"; };
		D4ADC7E814F322C300713F29 /* SBJsonBase.m */ = {isa = PBXFileReference; fileEncoding = 4; lastKnownFileType = sourcecode.c.objc; path = SBJsonBase.m; sourceTree = "<group>"; };
		D4ADC7E914F322C300713F29 /* SBJsonParser.h */ = {isa = PBXFileReference; fileEncoding = 4; lastKnownFileType = sourcecode.c.h; path = SBJsonParser.h; sourceTree = "<group>"; };
		D4ADC7EA14F322C300713F29 /* SBJsonParser.m */ = {isa = PBXFileReference; fileEncoding = 4; lastKnownFileType = sourcecode.c.objc; path = SBJsonParser.m; sourceTree = "<group>"; };
		D4ADC7EB14F322C300713F29 /* SBJsonWriter.h */ = {isa = PBXFileReference; fileEncoding = 4; lastKnownFileType = sourcecode.c.h; path = SBJsonWriter.h; sourceTree = "<group>"; };
		D4ADC7EC14F322C300713F29 /* SBJsonWriter.m */ = {isa = PBXFileReference; fileEncoding = 4; lastKnownFileType = sourcecode.c.objc; path = SBJsonWriter.m; sourceTree = "<group>"; };
/* End PBXFileReference section */

/* Begin PBXFrameworksBuildPhase section */
		D48ABEE11404607500835205 /* Frameworks */ = {
			isa = PBXFrameworksBuildPhase;
			buildActionMask = 2147483647;
			files = (
			);
			runOnlyForDeploymentPostprocessing = 0;
		};
/* End PBXFrameworksBuildPhase section */

/* Begin PBXGroup section */
		D47C98EA14C9EFEB00E1223F /* Controllers */ = {
			isa = PBXGroup;
			children = (
				D4ADC79C14F3211800713F29 /* LIOAboutViewController.h */,
				D4ADC79D14F3211800713F29 /* LIOAboutViewController.m */,
				D4ADC79E14F3211800713F29 /* LIOAltChatViewController.h */,
				D4ADC79F14F3211800713F29 /* LIOAltChatViewController.m */,
				D4ADC7A014F3211800713F29 /* LIOEmailHistoryViewController.h */,
				D4ADC7A114F3211800713F29 /* LIOEmailHistoryViewController.m */,
				D403F7861523CEBA00101941 /* LIOInterstitialViewController.h */,
				D403F7871523CEBA00101941 /* LIOInterstitialViewController.m */,
				D4ADC7A214F3211800713F29 /* LIOLeaveMessageViewController.h */,
				D4ADC7A314F3211800713F29 /* LIOLeaveMessageViewController.m */,
			);
			name = Controllers;
			sourceTree = "<group>";
		};
		D47C98EB14C9EFF900E1223F /* Managers */ = {
			isa = PBXGroup;
			children = (
				D4ADC7AC14F3215900713F29 /* LIOAnalyticsManager.h */,
				D4ADC7AD14F3215900713F29 /* LIOAnalyticsManager.m */,
				D486D7051520EBEA007C9AF8 /* LIOBundleManager.h */,
				D486D7061520EBEA007C9AF8 /* LIOBundleManager.m */,
				D4ADC7AE14F3215900713F29 /* LIOLookIOManager.h */,
				D4ADC7AF14F3215900713F29 /* LIOLookIOManager.m */,
			);
			name = Managers;
			sourceTree = "<group>";
		};
		D47C98EC14C9F01000E1223F /* Views */ = {
			isa = PBXGroup;
			children = (
				D4ADC7BE14F322B500713F29 /* LIOChatBubbleView.h */,
				D4ADC7BF14F322B500713F29 /* LIOChatBubbleView.m */,
				D4ADC7C014F322B500713F29 /* LIOControlButtonView.h */,
				D4ADC7C114F322B500713F29 /* LIOControlButtonView.m */,
				D463F3F91506FDAB00A7FD7F /* LIODismissalBarView.h */,
				D463F3FA1506FDAB00A7FD7F /* LIODismissalBarView.m */,
				D4ADC7C214F322B500713F29 /* LIOHeaderBarView.h */,
				D4ADC7C314F322B500713F29 /* LIOHeaderBarView.m */,
				D4ADC7C414F322B500713F29 /* LIOInputBarView.h */,
				D4ADC7C514F322B500713F29 /* LIOInputBarView.m */,
			);
			name = Views;
			sourceTree = "<group>";
		};
		D47C98ED14C9F01900E1223F /* Other */ = {
			isa = PBXGroup;
			children = (
				D4ADC7B414F3218300713F29 /* LIOChatMessage.h */,
				D4ADC7B514F3218300713F29 /* LIOChatMessage.m */,
				D4ADC7B614F3218300713F29 /* LIOTimerProxy.h */,
				D4ADC7B714F3218300713F29 /* LIOTimerProxy.m */,
			);
			name = Other;
			sourceTree = "<group>";
		};
		D486D6E8151BC1DE007C9AF8 /* TTTAttributedLabel */ = {
			isa = PBXGroup;
			children = (
				D486D6E9151BC1DE007C9AF8 /* TTTAttributedLabel.h */,
				D486D6EA151BC1DE007C9AF8 /* TTTAttributedLabel.m */,
			);
			path = TTTAttributedLabel;
			sourceTree = "<group>";
		};
		D486D7141521303B007C9AF8 /* MiniZip */ = {
			isa = PBXGroup;
			children = (
				D486D7151521303B007C9AF8 /* ioapi.c */,
				D486D7161521303B007C9AF8 /* ioapi.h */,
				D486D7171521303B007C9AF8 /* mztools.c */,
				D486D7181521303B007C9AF8 /* mztools.h */,
				D486D7191521303B007C9AF8 /* unzip.c */,
				D486D71A1521303B007C9AF8 /* unzip.h */,
				D486D71B1521303B007C9AF8 /* zip.c */,
				D486D71C1521303B007C9AF8 /* zip.h */,
			);
			path = MiniZip;
			sourceTree = "<group>";
		};
		D486D71D1521303B007C9AF8 /* Objective-Zip */ = {
			isa = PBXGroup;
			children = (
				D486D71E1521303B007C9AF8 /* FileInZipInfo.h */,
				D486D71F1521303B007C9AF8 /* FileInZipInfo.m */,
				D486D7201521303B007C9AF8 /* ZipException.h */,
				D486D7211521303B007C9AF8 /* ZipException.m */,
				D486D7221521303B007C9AF8 /* ZipFile.h */,
				D486D7231521303B007C9AF8 /* ZipFile.m */,
				D486D7241521303B007C9AF8 /* ZipReadStream.h */,
				D486D7251521303B007C9AF8 /* ZipReadStream.m */,
				D486D7261521303B007C9AF8 /* ZipWriteStream.h */,
				D486D7271521303B007C9AF8 /* ZipWriteStream.m */,
			);
			path = "Objective-Zip";
			sourceTree = "<group>";
		};
		D48ABEE51404607500835205 /* Products */ = {
			isa = PBXGroup;
			children = (
				D48ABEE41404607500835205 /* libLookIO.a */,
			);
			name = Products;
			sourceTree = "<group>";
		};
		D48ABF2D14046E4B00835205 /* Source */ = {
			isa = PBXGroup;
			children = (
				D47C98EA14C9EFEB00E1223F /* Controllers */,
				D47C98EB14C9EFF900E1223F /* Managers */,
				D47C98ED14C9F01900E1223F /* Other */,
				D47C98EC14C9F01000E1223F /* Views */,
			);
			name = Source;
			sourceTree = "<group>";
		};
		D4ADC7D814F322C300713F29 /* 3rd Party */ = {
			isa = PBXGroup;
			children = (
				D486D7141521303B007C9AF8 /* MiniZip */,
				D486D71D1521303B007C9AF8 /* Objective-Zip */,
				D486D6E8151BC1DE007C9AF8 /* TTTAttributedLabel */,
				D4ADC7D914F322C300713F29 /* CocoaAsyncSocket */,
				D4ADC7DC14F322C300713F29 /* NSData+Base64 */,
				D4ADC7DF14F322C300713F29 /* SBJSON */,
			);
			path = "3rd Party";
			sourceTree = "<group>";
		};
		D4ADC7D914F322C300713F29 /* CocoaAsyncSocket */ = {
			isa = PBXGroup;
			children = (
				D4ADC7DA14F322C300713F29 /* AsyncSocket.h */,
				D4ADC7DB14F322C300713F29 /* AsyncSocket.m */,
			);
			path = CocoaAsyncSocket;
			sourceTree = "<group>";
		};
		D4ADC7DC14F322C300713F29 /* NSData+Base64 */ = {
			isa = PBXGroup;
			children = (
				D4ADC7DD14F322C300713F29 /* NSData+Base64.h */,
				D4ADC7DE14F322C300713F29 /* NSData+Base64.m */,
			);
			path = "NSData+Base64";
			sourceTree = "<group>";
		};
		D4ADC7DF14F322C300713F29 /* SBJSON */ = {
			isa = PBXGroup;
			children = (
				D4ADC7E014F322C300713F29 /* JSON.h */,
				D4ADC7E114F322C300713F29 /* NSObject+SBJSON.h */,
				D4ADC7E214F322C300713F29 /* NSObject+SBJSON.m */,
				D4ADC7E314F322C300713F29 /* NSString+SBJSON.h */,
				D4ADC7E414F322C300713F29 /* NSString+SBJSON.m */,
				D4ADC7E514F322C300713F29 /* SBJSON.h */,
				D4ADC7E614F322C300713F29 /* SBJSON.m */,
				D4ADC7E714F322C300713F29 /* SBJsonBase.h */,
				D4ADC7E814F322C300713F29 /* SBJsonBase.m */,
				D4ADC7E914F322C300713F29 /* SBJsonParser.h */,
				D4ADC7EA14F322C300713F29 /* SBJsonParser.m */,
				D4ADC7EB14F322C300713F29 /* SBJsonWriter.h */,
				D4ADC7EC14F322C300713F29 /* SBJsonWriter.m */,
			);
			path = SBJSON;
			sourceTree = "<group>";
		};
		D4AF999C1404264900613B8E = {
			isa = PBXGroup;
			children = (
				D48ABF2D14046E4B00835205 /* Source */,
				D4ADC7D814F322C300713F29 /* 3rd Party */,
				D48ABEE51404607500835205 /* Products */,
			);
			sourceTree = "<group>";
		};
/* End PBXGroup section */

/* Begin PBXHeadersBuildPhase section */
		D48ABEE21404607500835205 /* Headers */ = {
			isa = PBXHeadersBuildPhase;
			buildActionMask = 2147483647;
			files = (
				D4ADC7A414F3211800713F29 /* LIOAboutViewController.h in Headers */,
				D4ADC7A614F3211800713F29 /* LIOAltChatViewController.h in Headers */,
				D4ADC7A814F3211800713F29 /* LIOEmailHistoryViewController.h in Headers */,
				D4ADC7AA14F3211800713F29 /* LIOLeaveMessageViewController.h in Headers */,
				D4ADC7B014F3215A00713F29 /* LIOAnalyticsManager.h in Headers */,
				D4ADC7B214F3215A00713F29 /* LIOLookIOManager.h in Headers */,
				D4ADC7B814F3218300713F29 /* LIOChatMessage.h in Headers */,
				D4ADC7BA14F3218300713F29 /* LIOTimerProxy.h in Headers */,
				D4ADC7CC14F322B500713F29 /* LIOChatBubbleView.h in Headers */,
				D4ADC7CE14F322B500713F29 /* LIOControlButtonView.h in Headers */,
				D4ADC7D014F322B500713F29 /* LIOHeaderBarView.h in Headers */,
				D4ADC7D214F322B500713F29 /* LIOInputBarView.h in Headers */,
				D4ADC7ED14F322C300713F29 /* AsyncSocket.h in Headers */,
				D4ADC7EF14F322C300713F29 /* NSData+Base64.h in Headers */,
				D4ADC7F114F322C300713F29 /* JSON.h in Headers */,
				D4ADC7F214F322C300713F29 /* NSObject+SBJSON.h in Headers */,
				D4ADC7F414F322C300713F29 /* NSString+SBJSON.h in Headers */,
				D4ADC7F614F322C300713F29 /* SBJSON.h in Headers */,
				D4ADC7F814F322C300713F29 /* SBJsonBase.h in Headers */,
				D4ADC7FA14F322C300713F29 /* SBJsonParser.h in Headers */,
				D4ADC7FC14F322C300713F29 /* SBJsonWriter.h in Headers */,
				D463F3FB1506FDAB00A7FD7F /* LIODismissalBarView.h in Headers */,
				D486D6EB151BC1DE007C9AF8 /* TTTAttributedLabel.h in Headers */,
				D486D7071520EBEA007C9AF8 /* LIOBundleManager.h in Headers */,
				D486D7291521303B007C9AF8 /* ioapi.h in Headers */,
				D486D72B1521303B007C9AF8 /* mztools.h in Headers */,
				D486D72D1521303B007C9AF8 /* unzip.h in Headers */,
				D486D72F1521303B007C9AF8 /* zip.h in Headers */,
				D486D7301521303B007C9AF8 /* FileInZipInfo.h in Headers */,
				D486D7321521303B007C9AF8 /* ZipException.h in Headers */,
				D486D7341521303B007C9AF8 /* ZipFile.h in Headers */,
				D486D7361521303B007C9AF8 /* ZipReadStream.h in Headers */,
				D486D7381521303B007C9AF8 /* ZipWriteStream.h in Headers */,
				D403F7881523CEBA00101941 /* LIOInterstitialViewController.h in Headers */,
			);
			runOnlyForDeploymentPostprocessing = 0;
		};
/* End PBXHeadersBuildPhase section */

/* Begin PBXNativeTarget section */
		D48ABEE31404607500835205 /* LookIO */ = {
			isa = PBXNativeTarget;
			buildConfigurationList = D48ABEF11404607500835205 /* Build configuration list for PBXNativeTarget "LookIO" */;
			buildPhases = (
				D48ABEE01404607500835205 /* Sources */,
				D48ABEE11404607500835205 /* Frameworks */,
				D48ABEE21404607500835205 /* Headers */,
				D49BC419144241FC0016B23D /* ShellScript */,
			);
			buildRules = (
			);
			dependencies = (
			);
			name = LookIO;
			productName = LookIO;
			productReference = D48ABEE41404607500835205 /* libLookIO.a */;
			productType = "com.apple.product-type.library.static";
		};
/* End PBXNativeTarget section */

/* Begin PBXProject section */
		D4AF999E1404264900613B8E /* Project object */ = {
			isa = PBXProject;
			attributes = {
				LastUpgradeCheck = 0430;
			};
			buildConfigurationList = D4AF99A11404264900613B8E /* Build configuration list for PBXProject "LookIO" */;
			compatibilityVersion = "Xcode 3.2";
			developmentRegion = English;
			hasScannedForEncodings = 0;
			knownRegions = (
				en,
			);
			mainGroup = D4AF999C1404264900613B8E;
			productRefGroup = D48ABEE51404607500835205 /* Products */;
			projectDirPath = "";
			projectRoot = "";
			targets = (
				D48ABEE31404607500835205 /* LookIO */,
			);
		};
/* End PBXProject section */

/* Begin PBXShellScriptBuildPhase section */
		D49BC419144241FC0016B23D /* ShellScript */ = {
			isa = PBXShellScriptBuildPhase;
			buildActionMask = 2147483647;
			files = (
			);
			inputPaths = (
			);
			outputPaths = (
			);
			runOnlyForDeploymentPostprocessing = 0;
			shellPath = /bin/sh;
			shellScript = "# Version 2.0 (updated for Xcode 4, with some fixes)\n# Changes:\n#    - Works with xcode 4, even when running xcode 3 projects (Workarounds for apple bugs)\n#    - Faster / better: only runs lipo once, instead of once per recursion\n#    - Added some debugging statemetns that can be switched on/off by changing the DEBUG_THIS_SCRIPT variable to \"true\"\n#    - Fixed some typos\n# \n# Purpose:\n#   Create a static library for iPhone from within XCode\n#   Because Apple staff DELIBERATELY broke Xcode to make this impossible from the GUI (Xcode 3.2.3 specifically states this in the Release notes!)\n#   ...no, I don't understand why they did this!\n#\n# Author: Adam Martin - http://twitter.com/redglassesapps\n# Based on: original script from Eonil (main changes: Eonil's script WILL NOT WORK in Xcode GUI - it WILL CRASH YOUR COMPUTER)\n#\n# More info: see this Stack Overflow question: http://stackoverflow.com/questions/3520977/build-fat-static-library-device-simulator-using-xcode-and-sdk-4\n\n#################[ Tests: helps workaround any future bugs in Xcode ]########\n#\nDEBUG_THIS_SCRIPT=\"false\"\n\nif [ $DEBUG_THIS_SCRIPT = \"true\" ]\nthen\necho \"########### TESTS #############\"\necho \"Use the following variables when debugging this script; note that they may change on recursions\"\necho \"BUILD_DIR = $BUILD_DIR\"\necho \"BUILD_ROOT = $BUILD_ROOT\"\necho \"CONFIGURATION_BUILD_DIR = $CONFIGURATION_BUILD_DIR\"\necho \"BUILT_PRODUCTS_DIR = $BUILT_PRODUCTS_DIR\"\necho \"CONFIGURATION_TEMP_DIR = $CONFIGURATION_TEMP_DIR\"\necho \"TARGET_BUILD_DIR = $TARGET_BUILD_DIR\"\nfi\n\n#####################[ part 1 ]##################\n# First, work out the BASESDK version number (NB: Apple ought to report this, but they hide it)\n#    (incidental: searching for substrings in sh is a nightmare! Sob)\n\nSDK_VERSION=$(echo ${SDK_NAME} | grep -o '.\\{3\\}$')\n\n# Next, work out if we're in SIM or DEVICE\n\nif [ ${PLATFORM_NAME} = \"iphonesimulator\" ]\nthen\nOTHER_SDK_TO_BUILD=iphoneos${SDK_VERSION}\nelse\nOTHER_SDK_TO_BUILD=iphonesimulator${SDK_VERSION}\nfi\n\necho \"XCode has selected SDK: ${PLATFORM_NAME} with version: ${SDK_VERSION} (although back-targetting: ${IPHONEOS_DEPLOYMENT_TARGET})\"\necho \"...therefore, OTHER_SDK_TO_BUILD = ${OTHER_SDK_TO_BUILD}\"\n#\n#####################[ end of part 1 ]##################\n\n#####################[ part 2 ]##################\n#\n# IF this is the original invocation, invoke WHATEVER other builds are required\n#\n# Xcode is already building ONE target...\n#\n# ...but this is a LIBRARY, so Apple is wrong to set it to build just one.\n# ...we need to build ALL targets\n# ...we MUST NOT re-build the target that is ALREADY being built: Xcode WILL CRASH YOUR COMPUTER if you try this (infinite recursion!)\n#\n#\n# So: build ONLY the missing platforms/configurations.\n\nif [ \"true\" == ${ALREADYINVOKED:-false} ]\nthen\necho \"RECURSION: I am NOT the root invocation, so I'm NOT going to recurse\"\nelse\n# CRITICAL:\n# Prevent infinite recursion (Xcode sucks)\nexport ALREADYINVOKED=\"true\"\n\necho \"RECURSION: I am the root ... recursing all missing build targets NOW...\"\necho \"RECURSION: ...about to invoke: xcodebuild -configuration \\\"${CONFIGURATION}\\\" -target \\\"${TARGET_NAME}\\\" -sdk \\\"${OTHER_SDK_TO_BUILD}\\\" ${ACTION} RUN_CLANG_STATIC_ANALYZER=NO\"\nxcodebuild -configuration \"${CONFIGURATION}\" -target \"${TARGET_NAME}\" -sdk \"${OTHER_SDK_TO_BUILD}\" ${ACTION} RUN_CLANG_STATIC_ANALYZER=NO BUILD_DIR=\"${BUILD_DIR}\" BUILD_ROOT=\"${BUILD_ROOT}\"\n\nACTION=\"build\"\n\n#Merge all platform binaries as a fat binary for each configurations.\n\n# Calculate where the (multiple) built files are coming from:\nCURRENTCONFIG_DEVICE_DIR=${SYMROOT}/${CONFIGURATION}-iphoneos\nCURRENTCONFIG_SIMULATOR_DIR=${SYMROOT}/${CONFIGURATION}-iphonesimulator\n\necho \"Taking device build from: ${CURRENTCONFIG_DEVICE_DIR}\"\necho \"Taking simulator build from: ${CURRENTCONFIG_SIMULATOR_DIR}\"\n\nCREATING_UNIVERSAL_DIR=${SYMROOT}/${CONFIGURATION}-universal\necho \"...I will output a universal build to: ${CREATING_UNIVERSAL_DIR}\"\n\n# ... remove the products of previous runs of this script\n#      NB: this directory is ONLY created by this script - it should be safe to delete!\n\nrm -rf \"${CREATING_UNIVERSAL_DIR}\"\nmkdir \"${CREATING_UNIVERSAL_DIR}\"\n\n#\necho \"lipo: for current configuration (${CONFIGURATION}) creating output file: ${CREATING_UNIVERSAL_DIR}/${EXECUTABLE_NAME}\"\nlipo -create -output \"${CREATING_UNIVERSAL_DIR}/${EXECUTABLE_NAME}\" \"${CURRENTCONFIG_DEVICE_DIR}/${EXECUTABLE_NAME}\" \"${CURRENTCONFIG_SIMULATOR_DIR}/${EXECUTABLE_NAME}\"\n\n#########\n#\n# Added: StackOverflow suggestion to also copy \"include\" files\n#    (untested, but should work OK)\n#\nif [ -d \"${CURRENTCONFIG_DEVICE_DIR}/usr/local/include\" ]\nthen\nmkdir -p \"${CREATING_UNIVERSAL_DIR}/usr/local/include\"\n# * needs to be outside the double quotes?\ncp \"${CURRENTCONFIG_DEVICE_DIR}/usr/local/include/\"* \"${CREATING_UNIVERSAL_DIR}/usr/local/include\"\nfi\nfi\n\nrm -rf ${SRCROOT}/../Sample/libLookIO_dist\nmkdir ${SRCROOT}/../Sample/libLookIO_dist\nmkdir ${SRCROOT}/../Sample/libLookIO_dist/LookIO.bundle\ncp ${SRCROOT}/Resources/Images/* ${SRCROOT}/../Sample/libLookIO_dist/LookIO.bundle\ncp \"${CREATING_UNIVERSAL_DIR}/${EXECUTABLE_NAME}\" ${SRCROOT}/../Sample/libLookIO_dist\ncp ${SRCROOT}/Source/Managers/LIOLookIOManager.h ${SRCROOT}/../Sample/libLookIO_dist";
		};
/* End PBXShellScriptBuildPhase section */

/* Begin PBXSourcesBuildPhase section */
		D48ABEE01404607500835205 /* Sources */ = {
			isa = PBXSourcesBuildPhase;
			buildActionMask = 2147483647;
			files = (
				D4ADC7A514F3211800713F29 /* LIOAboutViewController.m in Sources */,
				D4ADC7A714F3211800713F29 /* LIOAltChatViewController.m in Sources */,
				D4ADC7A914F3211800713F29 /* LIOEmailHistoryViewController.m in Sources */,
				D4ADC7AB14F3211800713F29 /* LIOLeaveMessageViewController.m in Sources */,
				D4ADC7B114F3215A00713F29 /* LIOAnalyticsManager.m in Sources */,
				D4ADC7B314F3215A00713F29 /* LIOLookIOManager.m in Sources */,
				D4ADC7B914F3218300713F29 /* LIOChatMessage.m in Sources */,
				D4ADC7BB14F3218300713F29 /* LIOTimerProxy.m in Sources */,
				D4ADC7CD14F322B500713F29 /* LIOChatBubbleView.m in Sources */,
				D4ADC7CF14F322B500713F29 /* LIOControlButtonView.m in Sources */,
				D4ADC7D114F322B500713F29 /* LIOHeaderBarView.m in Sources */,
				D4ADC7D314F322B500713F29 /* LIOInputBarView.m in Sources */,
				D4ADC7EE14F322C300713F29 /* AsyncSocket.m in Sources */,
				D4ADC7F014F322C300713F29 /* NSData+Base64.m in Sources */,
				D4ADC7F314F322C300713F29 /* NSObject+SBJSON.m in Sources */,
				D4ADC7F514F322C300713F29 /* NSString+SBJSON.m in Sources */,
				D4ADC7F714F322C300713F29 /* SBJSON.m in Sources */,
				D4ADC7F914F322C300713F29 /* SBJsonBase.m in Sources */,
				D4ADC7FB14F322C300713F29 /* SBJsonParser.m in Sources */,
				D4ADC7FD14F322C300713F29 /* SBJsonWriter.m in Sources */,
				D463F3FC1506FDAB00A7FD7F /* LIODismissalBarView.m in Sources */,
				D486D6EC151BC1DE007C9AF8 /* TTTAttributedLabel.m in Sources */,
				D486D7081520EBEA007C9AF8 /* LIOBundleManager.m in Sources */,
				D486D7281521303B007C9AF8 /* ioapi.c in Sources */,
				D486D72A1521303B007C9AF8 /* mztools.c in Sources */,
				D486D72C1521303B007C9AF8 /* unzip.c in Sources */,
				D486D72E1521303B007C9AF8 /* zip.c in Sources */,
				D486D7311521303B007C9AF8 /* FileInZipInfo.m in Sources */,
				D486D7331521303B007C9AF8 /* ZipException.m in Sources */,
				D486D7351521303B007C9AF8 /* ZipFile.m in Sources */,
				D486D7371521303B007C9AF8 /* ZipReadStream.m in Sources */,
				D486D7391521303B007C9AF8 /* ZipWriteStream.m in Sources */,
				D403F7891523CEBA00101941 /* LIOInterstitialViewController.m in Sources */,
			);
			runOnlyForDeploymentPostprocessing = 0;
		};
/* End PBXSourcesBuildPhase section */

/* Begin XCBuildConfiguration section */
		D48ABEEF1404607500835205 /* Debug */ = {
			isa = XCBuildConfiguration;
			buildSettings = {
				ARCHS = (
					i386,
					armv7,
					armv6,
				);
				COPY_PHASE_STRIP = NO;
				DSTROOT = /tmp/LookIO.dst;
				GCC_C_LANGUAGE_STANDARD = gnu99;
				GCC_DYNAMIC_NO_PIC = NO;
				GCC_OPTIMIZATION_LEVEL = 0;
				GCC_PREPROCESSOR_DEFINITIONS = (
					"DEBUG=1",
					"$(inherited)",
				);
				GCC_SYMBOLS_PRIVATE_EXTERN = NO;
				GCC_THUMB_SUPPORT = NO;
				GCC_WARN_ABOUT_MISSING_PROTOTYPES = YES;
				GCC_WARN_ABOUT_RETURN_TYPE = YES;
				GCC_WARN_UNUSED_VARIABLE = YES;
				IPHONEOS_DEPLOYMENT_TARGET = 4.0;
				OTHER_LDFLAGS = "-ObjC";
				PRODUCT_NAME = "$(TARGET_NAME)";
				SDKROOT = iphoneos;
				SKIP_INSTALL = YES;
			};
			name = Debug;
		};
		D48ABEF01404607500835205 /* Release */ = {
			isa = XCBuildConfiguration;
			buildSettings = {
				ARCHS = (
					i386,
					armv7,
					armv6,
				);
				COPY_PHASE_STRIP = YES;
				DSTROOT = /tmp/LookIO.dst;
				GCC_C_LANGUAGE_STANDARD = gnu99;
				GCC_THUMB_SUPPORT = NO;
				GCC_WARN_ABOUT_MISSING_PROTOTYPES = YES;
				GCC_WARN_ABOUT_RETURN_TYPE = YES;
				GCC_WARN_UNUSED_VARIABLE = YES;
				IPHONEOS_DEPLOYMENT_TARGET = 4.0;
				OTHER_LDFLAGS = "-ObjC";
				PRODUCT_NAME = "$(TARGET_NAME)";
				SDKROOT = iphoneos;
				SKIP_INSTALL = YES;
				STRIP_INSTALLED_PRODUCT = YES;
				STRIP_STYLE = all;
				VALIDATE_PRODUCT = YES;
			};
			name = Release;
		};
		D4AF99A31404264900613B8E /* Debug */ = {
			isa = XCBuildConfiguration;
			buildSettings = {
				GCC_VERSION = com.apple.compilers.llvm.clang.1_0;
			};
			name = Debug;
		};
		D4AF99A41404264900613B8E /* Release */ = {
			isa = XCBuildConfiguration;
			buildSettings = {
				GCC_VERSION = com.apple.compilers.llvm.clang.1_0;
			};
			name = Release;
		};
/* End XCBuildConfiguration section */

/* Begin XCConfigurationList section */
		D48ABEF11404607500835205 /* Build configuration list for PBXNativeTarget "LookIO" */ = {
			isa = XCConfigurationList;
			buildConfigurations = (
				D48ABEEF1404607500835205 /* Debug */,
				D48ABEF01404607500835205 /* Release */,
			);
			defaultConfigurationIsVisible = 0;
			defaultConfigurationName = Release;
		};
		D4AF99A11404264900613B8E /* Build configuration list for PBXProject "LookIO" */ = {
			isa = XCConfigurationList;
			buildConfigurations = (
				D4AF99A31404264900613B8E /* Debug */,
				D4AF99A41404264900613B8E /* Release */,
			);
			defaultConfigurationIsVisible = 0;
			defaultConfigurationName = Release;
		};
/* End XCConfigurationList section */
	};
	rootObject = D4AF999E1404264900613B8E /* Project object */;
}
